lockfileVersion: '6.0'

settings:
  autoInstallPeers: true
  excludeLinksFromLockfile: false

devDependencies:
  '@cspell/dict-aws':
    specifier: ^4.0.2
    version: 4.0.2
  '@cspell/dict-data-science':
    specifier: ^2.0.1
    version: 2.0.1
  '@cspell/dict-en_us':
    specifier: ^4.3.21
    version: 4.3.21
  '@cspell/dict-fullstack':
    specifier: ^3.1.8
    version: 3.1.8
  '@cspell/dict-golang':
    specifier: ^6.0.9
    version: 6.0.9
  '@cspell/dict-k8s':
    specifier: ^1.0.5
    version: 1.0.5
  '@cspell/dict-software-terms':
    specifier: ^3.4.5
    version: 3.4.5
  '@cspell/dict-uk-ua':
    specifier: ^4.0.1
    version: 4.0.1
  '@cspell/dict-win32':
    specifier: ^2.0.3
    version: 2.0.3
  cspell:
    specifier: ^8.8.4
    version: 8.8.4

packages:

  /@cspell/cspell-bundled-dicts@8.8.4:
    resolution: {integrity: sha512-k9ZMO2kayQFXB3B45b1xXze3MceAMNy9U+D7NTnWB1i3S0y8LhN53U9JWWgqHGPQaHaLHzizL7/w1aGHTA149Q==}
    engines: {node: '>=18'}
    dependencies:
      '@cspell/dict-ada': 4.0.2
      '@cspell/dict-aws': 4.0.2
      '@cspell/dict-bash': 4.1.3
      '@cspell/dict-companies': 3.1.2
      '@cspell/dict-cpp': 5.1.9
      '@cspell/dict-cryptocurrencies': 5.0.0
      '@cspell/dict-csharp': 4.0.2
      '@cspell/dict-css': 4.0.12
      '@cspell/dict-dart': 2.0.3
      '@cspell/dict-django': 4.1.0
      '@cspell/dict-docker': 1.1.7
      '@cspell/dict-dotnet': 5.0.2
      '@cspell/dict-elixir': 4.0.3
      '@cspell/dict-en-common-misspellings': 2.0.1
      '@cspell/dict-en-gb': 1.1.33
      '@cspell/dict-en_us': 4.3.21
      '@cspell/dict-filetypes': 3.0.4
      '@cspell/dict-fonts': 4.0.0
      '@cspell/dict-fsharp': 1.0.1
      '@cspell/dict-fullstack': 3.1.8
      '@cspell/dict-gaming-terms': 1.0.5
      '@cspell/dict-git': 3.0.0
      '@cspell/dict-golang': 6.0.9
      '@cspell/dict-google': 1.0.1
      '@cspell/dict-haskell': 4.0.1
      '@cspell/dict-html': 4.0.5
      '@cspell/dict-html-symbol-entities': 4.0.0
      '@cspell/dict-java': 5.0.7
      '@cspell/dict-julia': 1.0.1
      '@cspell/dict-k8s': 1.0.5
      '@cspell/dict-latex': 4.0.0
      '@cspell/dict-lorem-ipsum': 4.0.0
      '@cspell/dict-lua': 4.0.3
      '@cspell/dict-makefile': 1.0.0
      '@cspell/dict-monkeyc': 1.0.6
      '@cspell/dict-node': 5.0.1
      '@cspell/dict-npm': 5.0.16
      '@cspell/dict-php': 4.0.8
      '@cspell/dict-powershell': 5.0.4
      '@cspell/dict-public-licenses': 2.0.7
      '@cspell/dict-python': 4.2.1
      '@cspell/dict-r': 2.0.1
      '@cspell/dict-ruby': 5.0.2
      '@cspell/dict-rust': 4.0.4
      '@cspell/dict-scala': 5.0.2
      '@cspell/dict-software-terms': 3.4.5
      '@cspell/dict-sql': 2.1.3
      '@cspell/dict-svelte': 1.0.2
      '@cspell/dict-swift': 2.0.1
      '@cspell/dict-terraform': 1.0.0
      '@cspell/dict-typescript': 3.1.5
      '@cspell/dict-vue': 3.0.0
    dev: true

  /@cspell/cspell-json-reporter@8.8.4:
    resolution: {integrity: sha512-ITpOeNyDHD+4B9QmLJx6YYtrB1saRsrCLluZ34YaICemNLuumVRP1vSjcdoBtefvGugCOn5nPK7igw0r/vdAvA==}
    engines: {node: '>=18'}
    dependencies:
      '@cspell/cspell-types': 8.8.4
    dev: true

  /@cspell/cspell-pipe@8.8.4:
    resolution: {integrity: sha512-Uis9iIEcv1zOogXiDVSegm9nzo5NRmsRDsW8CteLRg6PhyZ0nnCY1PZIUy3SbGF0vIcb/M+XsdLSh2wOPqTXww==}
    engines: {node: '>=18'}
    dev: true

  /@cspell/cspell-resolver@8.8.4:
    resolution: {integrity: sha512-eZVw31nSeh6xKl7TzzkZVMTX/mgwhUw40/q1Sqo7CTPurIBg66oelEqKRclX898jzd2/qSK+ZFwBDxvV7QH38A==}
    engines: {node: '>=18'}
    dependencies:
      global-directory: 4.0.1
    dev: true

  /@cspell/cspell-service-bus@8.8.4:
    resolution: {integrity: sha512-KtwJ38uPLrm2Q8osmMIAl2NToA/CMyZCxck4msQJnskdo30IPSdA1Rh0w6zXinmh1eVe0zNEVCeJ2+x23HqW+g==}
    engines: {node: '>=18'}
    dev: true

  /@cspell/cspell-types@8.8.4:
    resolution: {integrity: sha512-ya9Jl4+lghx2eUuZNY6pcbbrnResgEAomvglhdbEGqy+B5MPEqY5Jt45APEmGqHzTNks7oFFaiTIbXYJAFBR7A==}
    engines: {node: '>=18'}
    dev: true

  /@cspell/dict-ada@4.0.2:
    resolution: {integrity: sha512-0kENOWQeHjUlfyId/aCM/mKXtkEgV0Zu2RhUXCBr4hHo9F9vph+Uu8Ww2b0i5a4ZixoIkudGA+eJvyxrG1jUpA==}
    dev: true

  /@cspell/dict-aws@4.0.2:
    resolution: {integrity: sha512-aNGHWSV7dRLTIn8WJemzLoMF62qOaiUQlgnsCwH5fRCD/00gsWCwg106pnbkmK4AyabyxzneOV4dfecDJWkSxw==}
    dev: true

  /@cspell/dict-bash@4.1.3:
    resolution: {integrity: sha512-tOdI3QVJDbQSwPjUkOiQFhYcu2eedmX/PtEpVWg0aFps/r6AyjUQINtTgpqMYnYuq8O1QUIQqnpx21aovcgZCw==}
    dev: true

  /@cspell/dict-companies@3.1.2:
    resolution: {integrity: sha512-OwR5i1xbYuJX7FtHQySmTy3iJtPV1rZQ3jFCxFGwrA1xRQ4rtRcDQ+sTXBCIAoJHkXa84f9J3zsngOKmMGyS/w==}
    dev: true

  /@cspell/dict-cpp@5.1.9:
    resolution: {integrity: sha512-lZmPKn3qfkWQ7tr+yw6JhuhscsyRgRHEOpOd0fhtPt0N154FNsGebGGLW0SOZUuGgW7Nk3lCCwHP85GIemnlqQ==}
    dev: true

  /@cspell/dict-cryptocurrencies@5.0.0:
    resolution: {integrity: sha512-Z4ARIw5+bvmShL+4ZrhDzGhnc9znaAGHOEMaB/GURdS/jdoreEDY34wdN0NtdLHDO5KO7GduZnZyqGdRoiSmYA==}
    dev: true

  /@cspell/dict-csharp@4.0.2:
    resolution: {integrity: sha512-1JMofhLK+4p4KairF75D3A924m5ERMgd1GvzhwK2geuYgd2ZKuGW72gvXpIV7aGf52E3Uu1kDXxxGAiZ5uVG7g==}
    dev: true

  /@cspell/dict-css@4.0.12:
    resolution: {integrity: sha512-vGBgPM92MkHQF5/2jsWcnaahOZ+C6OE/fPvd5ScBP72oFY9tn5GLuomcyO0z8vWCr2e0nUSX1OGimPtcQAlvSw==}
    dev: true

  /@cspell/dict-dart@2.0.3:
    resolution: {integrity: sha512-cLkwo1KT5CJY5N5RJVHks2genFkNCl/WLfj+0fFjqNR+tk3tBI1LY7ldr9piCtSFSm4x9pO1x6IV3kRUY1lLiw==}
    dev: true

  /@cspell/dict-data-science@2.0.1:
    resolution: {integrity: sha512-xeutkzK0eBe+LFXOFU2kJeAYO6IuFUc1g7iRLr7HeCmlC4rsdGclwGHh61KmttL3+YHQytYStxaRBdGAXWC8Lw==}
    dev: true

  /@cspell/dict-django@4.1.0:
    resolution: {integrity: sha512-bKJ4gPyrf+1c78Z0Oc4trEB9MuhcB+Yg+uTTWsvhY6O2ncFYbB/LbEZfqhfmmuK/XJJixXfI1laF2zicyf+l0w==}
    dev: true

  /@cspell/dict-docker@1.1.7:
    resolution: {integrity: sha512-XlXHAr822euV36GGsl2J1CkBIVg3fZ6879ZOg5dxTIssuhUOCiV2BuzKZmt6aIFmcdPmR14+9i9Xq+3zuxeX0A==}
    dev: true

  /@cspell/dict-dotnet@5.0.2:
    resolution: {integrity: sha512-UD/pO2A2zia/YZJ8Kck/F6YyDSpCMq0YvItpd4YbtDVzPREfTZ48FjZsbYi4Jhzwfvc6o8R56JusAE58P+4sNQ==}
    dev: true

  /@cspell/dict-elixir@4.0.3:
    resolution: {integrity: sha512-g+uKLWvOp9IEZvrIvBPTr/oaO6619uH/wyqypqvwpmnmpjcfi8+/hqZH8YNKt15oviK8k4CkINIqNhyndG9d9Q==}
    dev: true

  /@cspell/dict-en-common-misspellings@2.0.1:
    resolution: {integrity: sha512-uWaP8UG4uvcPyqaG0FzPKCm5kfmhsiiQ45Fs6b3/AEAqfq7Fj1JW0+S3qRt85FQA9SoU6gUJCz9wkK/Ylh7m5A==}
    dev: true

  /@cspell/dict-en-gb@1.1.33:
    resolution: {integrity: sha512-tKSSUf9BJEV+GJQAYGw5e+ouhEe2ZXE620S7BLKe3ZmpnjlNG9JqlnaBhkIMxKnNFkLY2BP/EARzw31AZnOv4g==}
    dev: true

  /@cspell/dict-en_us@4.3.21:
    resolution: {integrity: sha512-Bzoo2aS4Pej/MGIFlATpp0wMt9IzVHrhDjdV7FgkAIXbjrOn67ojbTxCgWs8AuCNVfK8lBYGEvs5+ElH1msF8w==}
    dev: true

  /@cspell/dict-filetypes@3.0.4:
    resolution: {integrity: sha512-IBi8eIVdykoGgIv5wQhOURi5lmCNJq0we6DvqKoPQJHthXbgsuO1qrHSiUVydMiQl/XvcnUWTMeAlVUlUClnVg==}
    dev: true

  /@cspell/dict-fonts@4.0.0:
    resolution: {integrity: sha512-t9V4GeN/m517UZn63kZPUYP3OQg5f0OBLSd3Md5CU3eH1IFogSvTzHHnz4Wqqbv8NNRiBZ3HfdY/pqREZ6br3Q==}
    dev: true

  /@cspell/dict-fsharp@1.0.1:
    resolution: {integrity: sha512-23xyPcD+j+NnqOjRHgW3IU7Li912SX9wmeefcY0QxukbAxJ/vAN4rBpjSwwYZeQPAn3fxdfdNZs03fg+UM+4yQ==}
    dev: true

  /@cspell/dict-fullstack@3.1.8:
    resolution: {integrity: sha512-YRlZupL7uqMCtEBK0bDP9BrcPnjDhz7m4GBqCc1EYqfXauHbLmDT8ELha7T/E7wsFKniHSjzwDZzhNXo2lusRQ==}
    dev: true

  /@cspell/dict-gaming-terms@1.0.5:
    resolution: {integrity: sha512-C3riccZDD3d9caJQQs1+MPfrUrQ+0KHdlj9iUR1QD92FgTOF6UxoBpvHUUZ9YSezslcmpFQK4xQQ5FUGS7uWfw==}
    dev: true

  /@cspell/dict-git@3.0.0:
    resolution: {integrity: sha512-simGS/lIiXbEaqJu9E2VPoYW1OTC2xrwPPXNXFMa2uo/50av56qOuaxDrZ5eH1LidFXwoc8HROCHYeKoNrDLSw==}
    dev: true

  /@cspell/dict-golang@6.0.9:
    resolution: {integrity: sha512-etDt2WQauyEQDA+qPS5QtkYTb2I9l5IfQftAllVoB1aOrT6bxxpHvMEpJ0Hsn/vezxrCqa/BmtUbRxllIxIuSg==}
    dev: true

  /@cspell/dict-google@1.0.1:
    resolution: {integrity: sha512-dQr4M3n95uOhtloNSgB9tYYGXGGEGEykkFyRtfcp5pFuEecYUa0BSgtlGKx9RXVtJtKgR+yFT/a5uQSlt8WjqQ==}
    dev: true

  /@cspell/dict-haskell@4.0.1:
    resolution: {integrity: sha512-uRrl65mGrOmwT7NxspB4xKXFUenNC7IikmpRZW8Uzqbqcu7ZRCUfstuVH7T1rmjRgRkjcIjE4PC11luDou4wEQ==}
    dev: true

  /@cspell/dict-html-symbol-entities@4.0.0:
    resolution: {integrity: sha512-HGRu+48ErJjoweR5IbcixxETRewrBb0uxQBd6xFGcxbEYCX8CnQFTAmKI5xNaIt2PKaZiJH3ijodGSqbKdsxhw==}
    dev: true

  /@cspell/dict-html@4.0.5:
    resolution: {integrity: sha512-p0brEnRybzSSWi8sGbuVEf7jSTDmXPx7XhQUb5bgG6b54uj+Z0Qf0V2n8b/LWwIPJNd1GygaO9l8k3HTCy1h4w==}
    dev: true

  /@cspell/dict-java@5.0.7:
    resolution: {integrity: sha512-ejQ9iJXYIq7R09BScU2y5OUGrSqwcD+J5mHFOKbduuQ5s/Eh/duz45KOzykeMLI6KHPVxhBKpUPBWIsfewECpQ==}
    dev: true

  /@cspell/dict-julia@1.0.1:
    resolution: {integrity: sha512-4JsCLCRhhLMLiaHpmR7zHFjj1qOauzDI5ZzCNQS31TUMfsOo26jAKDfo0jljFAKgw5M2fEG7sKr8IlPpQAYrmQ==}
    dev: true

  /@cspell/dict-k8s@1.0.5:
    resolution: {integrity: sha512-Cj+/ZV4S+MKlwfocSJZqe/2UAd/sY8YtlZjbK25VN1nCnrsKrBjfkX29vclwSj1U9aJg4Z9jw/uMjoaKu9ZrpQ==}
    dev: true

  /@cspell/dict-latex@4.0.0:
    resolution: {integrity: sha512-LPY4y6D5oI7D3d+5JMJHK/wxYTQa2lJMSNxps2JtuF8hbAnBQb3igoWEjEbIbRRH1XBM0X8dQqemnjQNCiAtxQ==}
    dev: true

  /@cspell/dict-lorem-ipsum@4.0.0:
    resolution: {integrity: sha512-1l3yjfNvMzZPibW8A7mQU4kTozwVZVw0AvFEdy+NcqtbxH+TvbSkNMqROOFWrkD2PjnKG0+Ea0tHI2Pi6Gchnw==}
    dev: true

  /@cspell/dict-lua@4.0.3:
    resolution: {integrity: sha512-lDHKjsrrbqPaea13+G9s0rtXjMO06gPXPYRjRYawbNmo4E/e3XFfVzeci3OQDQNDmf2cPOwt9Ef5lu2lDmwfJg==}
    dev: true

  /@cspell/dict-makefile@1.0.0:
    resolution: {integrity: sha512-3W9tHPcSbJa6s0bcqWo6VisEDTSN5zOtDbnPabF7rbyjRpNo0uHXHRJQF8gAbFzoTzBBhgkTmrfSiuyQm7vBUQ==}
    dev: true

  /@cspell/dict-monkeyc@1.0.6:
    resolution: {integrity: sha512-oO8ZDu/FtZ55aq9Mb67HtaCnsLn59xvhO/t2mLLTHAp667hJFxpp7bCtr2zOrR1NELzFXmKln/2lw/PvxMSvrA==}
    dev: true

  /@cspell/dict-node@5.0.1:
    resolution: {integrity: sha512-lax/jGz9h3Dv83v8LHa5G0bf6wm8YVRMzbjJPG/9rp7cAGPtdrga+XANFq+B7bY5+jiSA3zvj10LUFCFjnnCCg==}
    dev: true

  /@cspell/dict-npm@5.0.16:
    resolution: {integrity: sha512-ZWPnLAziEcSCvV0c8k9Qj88pfMu+wZwM5Qks87ShsfBgI8uLZ9tGHravA7gmjH1Gd7Bgxy2ulvXtSqIWPh1lew==}
    dev: true

  /@cspell/dict-php@4.0.8:
    resolution: {integrity: sha512-TBw3won4MCBQ2wdu7kvgOCR3dY2Tb+LJHgDUpuquy3WnzGiSDJ4AVelrZdE1xu7mjFJUr4q48aB21YT5uQqPZA==}
    dev: true

  /@cspell/dict-powershell@5.0.4:
    resolution: {integrity: sha512-eosDShapDgBWN9ULF7+sRNdUtzRnUdsfEdBSchDm8FZA4HOqxUSZy3b/cX/Rdw0Fnw0AKgk0kzgXw7tS6vwJMQ==}
    dev: true

  /@cspell/dict-public-licenses@2.0.7:
    resolution: {integrity: sha512-KlBXuGcN3LE7tQi/GEqKiDewWGGuopiAD0zRK1QilOx5Co8XAvs044gk4MNIQftc8r0nHeUI+irJKLGcR36DIQ==}
    dev: true

  /@cspell/dict-python@4.2.1:
    resolution: {integrity: sha512-9X2jRgyM0cxBoFQRo4Zc8oacyWnXi+0/bMI5FGibZNZV4y/o9UoFEr6agjU260/cXHTjIdkX233nN7eb7dtyRg==}
    dependencies:
      '@cspell/dict-data-science': 2.0.1
    dev: true

  /@cspell/dict-r@2.0.1:
    resolution: {integrity: sha512-KCmKaeYMLm2Ip79mlYPc8p+B2uzwBp4KMkzeLd5E6jUlCL93Y5Nvq68wV5fRLDRTf7N1LvofkVFWfDcednFOgA==}
    dev: true

  /@cspell/dict-ruby@5.0.2:
    resolution: {integrity: sha512-cIh8KTjpldzFzKGgrqUX4bFyav5lC52hXDKo4LbRuMVncs3zg4hcSf4HtURY+f2AfEZzN6ZKzXafQpThq3dl2g==}
    dev: true

  /@cspell/dict-rust@4.0.4:
    resolution: {integrity: sha512-v9/LcZknt/Xq7m1jdTWiQEtmkVVKdE1etAfGL2sgcWpZYewEa459HeWndNA0gfzQrpWX9sYay18mt7pqClJEdA==}
    dev: true

  /@cspell/dict-scala@5.0.2:
    resolution: {integrity: sha512-v97ClgidZt99JUm7OjhQugDHmhx4U8fcgunHvD/BsXWjXNj4cTr0m0YjofyZoL44WpICsNuFV9F/sv9OM5HUEw==}
    dev: true

  /@cspell/dict-software-terms@3.4.5:
    resolution: {integrity: sha512-CAOeZKvvj27bJTNKzPD7jYg/iK4LPwn3NmolAfoFnxtnCBxA6d20Car6IbPx9g4U6Ik3Vnk4CT3ziXeeBDB2Kw==}
    dev: true

  /@cspell/dict-sql@2.1.3:
    resolution: {integrity: sha512-SEyTNKJrjqD6PAzZ9WpdSu6P7wgdNtGV2RV8Kpuw1x6bV+YsSptuClYG+JSdRExBTE6LwIe1bTklejUp3ZP8TQ==}
    dev: true

  /@cspell/dict-svelte@1.0.2:
    resolution: {integrity: sha512-rPJmnn/GsDs0btNvrRBciOhngKV98yZ9SHmg8qI6HLS8hZKvcXc0LMsf9LLuMK1TmS2+WQFAan6qeqg6bBxL2Q==}
    dev: true

  /@cspell/dict-swift@2.0.1:
    resolution: {integrity: sha512-gxrCMUOndOk7xZFmXNtkCEeroZRnS2VbeaIPiymGRHj5H+qfTAzAKxtv7jJbVA3YYvEzWcVE2oKDP4wcbhIERw==}
    dev: true

  /@cspell/dict-terraform@1.0.0:
    resolution: {integrity: sha512-Ak+vy4HP/bOgzf06BAMC30+ZvL9mzv21xLM2XtfnBLTDJGdxlk/nK0U6QT8VfFLqJ0ZZSpyOxGsUebWDCTr/zQ==}
    dev: true

  /@cspell/dict-typescript@3.1.5:
    resolution: {integrity: sha512-EkIwwNV/xqEoBPJml2S16RXj65h1kvly8dfDLgXerrKw6puybZdvAHerAph6/uPTYdtLcsPyJYkPt5ISOJYrtw==}
    dev: true

  /@cspell/dict-uk-ua@4.0.1:
    resolution: {integrity: sha512-9igk+CsmsDlZfQDfpcIE62/0rfabb+tQLMfQhGaceHo92WQN5bsq/0/39HPw1Kl3Tps/D6MUL2YYVVlTYsa4Xg==}
    dev: true

  /@cspell/dict-vue@3.0.0:
    resolution: {integrity: sha512-niiEMPWPV9IeRBRzZ0TBZmNnkK3olkOPYxC1Ny2AX4TGlYRajcW0WUtoSHmvvjZNfWLSg2L6ruiBeuPSbjnG6A==}
    dev: true

  /@cspell/dict-win32@2.0.3:
    resolution: {integrity: sha512-UXiRdYxgnUVCbphHY3PE1/SEEF5g5alcVzHvVC6YH5eOVazDO8brxT87kytS5uxgvewPHmyFg9V29s4U9b5BVg==}
    dev: true

  /@cspell/dynamic-import@8.8.4:
    resolution: {integrity: sha512-tseSxrybznkmsmPaAB4aoHB9wr8Q2fOMIy3dm+yQv+U1xj+JHTN9OnUvy9sKiq0p3DQGWm/VylgSgsYaXrEHKQ==}
    engines: {node: '>=18.0'}
    dependencies:
      import-meta-resolve: 4.1.0
    dev: true

  /@cspell/strong-weak-map@8.8.4:
    resolution: {integrity: sha512-gticEJGR6yyGeLjf+mJ0jZotWYRLVQ+J0v1VpsR1nKnXTRJY15BWXgEA/ifbU/+clpyCek79NiCIXCvmP1WT4A==}
    engines: {node: '>=18'}
    dev: true

  /@nodelib/fs.scandir@2.1.5:
    resolution: {integrity: sha512-vq24Bq3ym5HEQm2NKCr3yXDwjc7vTsEThRDnkp2DK9p1uqLR+DHurm/NOTo0KG7HYHU7eppKZj3MyqYuMBf62g==}
    engines: {node: '>= 8'}
    dependencies:
      '@nodelib/fs.stat': 2.0.5
      run-parallel: 1.2.0
    dev: true

  /@nodelib/fs.stat@2.0.5:
    resolution: {integrity: sha512-RkhPPp2zrqDAQA/2jNhnztcPAlv64XdhIp7a7454A5ovI7Bukxgt7MX7udwAu3zg1DcpPU0rz3VV1SeaqvY4+A==}
    engines: {node: '>= 8'}
    dev: true

  /@nodelib/fs.walk@1.2.8:
    resolution: {integrity: sha512-oGB+UxlgWcgQkgwo8GcEGwemoTFt3FIO9ababBmaGwXIoBKZ+GTy0pP185beGg7Llih/NSHSV2XAs1lnznocSg==}
    engines: {node: '>= 8'}
    dependencies:
      '@nodelib/fs.scandir': 2.1.5
      fastq: 1.17.1
    dev: true

  /ansi-regex@6.0.1:
    resolution: {integrity: sha512-n5M855fKb2SsfMIiFFoVrABHJC8QtHwVx+mHWP3QcEqBHYienj5dHSgjbxtC0WEZXYt4wcD6zrQElDPhFuZgfA==}
    engines: {node: '>=12'}
    dev: true

  /array-timsort@1.0.3:
    resolution: {integrity: sha512-/+3GRL7dDAGEfM6TseQk/U+mi18TU2Ms9I3UlLdUMhz2hbvGNTKdj9xniwXfUqgYhHxRx0+8UnKkvlNwVU+cWQ==}
    dev: true

  /braces@3.0.3:
    resolution: {integrity: sha512-yQbXgO/OSZVD2IsiLlro+7Hf6Q18EJrKSEsdoMzKePKXct3gvD8oLcOQdIzGupr5Fj+EDe8gO/lxc1BzfMpxvA==}
    engines: {node: '>=8'}
    dependencies:
      fill-range: 7.1.1
    dev: true

  /callsites@3.1.0:
    resolution: {integrity: sha512-P8BjAsXvZS+VIDUI11hHCQEv74YT67YUi5JJFNWIqL235sBmjX4+qx9Muvls5ivyNENctx46xQLQ3aTuE7ssaQ==}
    engines: {node: '>=6'}
    dev: true

  /chalk-template@1.1.0:
    resolution: {integrity: sha512-T2VJbcDuZQ0Tb2EWwSotMPJjgpy1/tGee1BTpUNsGZ/qgNjV2t7Mvu+d4600U564nbLesN1x2dPL+xii174Ekg==}
    engines: {node: '>=14.16'}
    dependencies:
      chalk: 5.3.0
    dev: true

  /chalk@5.3.0:
    resolution: {integrity: sha512-dLitG79d+GV1Nb/VYcCDFivJeK1hiukt9QjRNVOsUtTy1rR1YJsmpGGTZ3qJos+uw7WmWF4wUwBd9jxjocFC2w==}
    engines: {node: ^12.17.0 || ^14.13 || >=16.0.0}
    dev: true

  /clear-module@4.1.2:
    resolution: {integrity: sha512-LWAxzHqdHsAZlPlEyJ2Poz6AIs384mPeqLVCru2p0BrP9G/kVGuhNyZYClLO6cXlnuJjzC8xtsJIuMjKqLXoAw==}
    engines: {node: '>=8'}
    dependencies:
      parent-module: 2.0.0
      resolve-from: 5.0.0
    dev: true

  /commander@12.1.0:
    resolution: {integrity: sha512-Vw8qHK3bZM9y/P10u3Vib8o/DdkvA2OtPtZvD871QKjy74Wj1WSKFILMPRPSdUSx5RFK1arlJzEtA4PkFgnbuA==}
    engines: {node: '>=18'}
    dev: true

  /comment-json@4.2.3:
    resolution: {integrity: sha512-SsxdiOf064DWoZLH799Ata6u7iV658A11PlWtZATDlXPpKGJnbJZ5Z24ybixAi+LUUqJ/GKowAejtC5GFUG7Tw==}
    engines: {node: '>= 6'}
    dependencies:
      array-timsort: 1.0.3
      core-util-is: 1.0.3
      esprima: 4.0.1
      has-own-prop: 2.0.0
      repeat-string: 1.6.1
    dev: true

  /core-util-is@1.0.3:
    resolution: {integrity: sha512-ZQBvi1DcpJ4GDqanjucZ2Hj3wEO5pZDS89BWbkcrvdxksJorwUDDZamX9ldFkp9aw2lmBDLgkObEA4DWNJ9FYQ==}
    dev: true

  /cspell-config-lib@8.8.4:
    resolution: {integrity: sha512-Xf+aL669Cm+MYZTZULVWRQXB7sRWx9qs0hPrgqxeaWabLUISK57/qwcI24TPVdYakUCoud9Nv+woGi5FcqV5ZQ==}
    engines: {node: '>=18'}
    dependencies:
      '@cspell/cspell-types': 8.8.4
      comment-json: 4.2.3
      yaml: 2.4.5
    dev: true

  /cspell-dictionary@8.8.4:
    resolution: {integrity: sha512-eDi61MDDZycS5EASz5FiYKJykLEyBT0mCvkYEUCsGVoqw8T9gWuWybwwqde3CMq9TOwns5pxGcFs2v9RYgtN5A==}
    engines: {node: '>=18'}
    dependencies:
      '@cspell/cspell-pipe': 8.8.4
      '@cspell/cspell-types': 8.8.4
      cspell-trie-lib: 8.8.4
      fast-equals: 5.0.1
      gensequence: 7.0.0
    dev: true

  /cspell-gitignore@8.8.4:
    resolution: {integrity: sha512-rLdxpBh0kp0scwqNBZaWVnxEVmSK3UWyVSZmyEL4jmmjusHYM9IggfedOhO4EfGCIdQ32j21TevE0tTslyc4iA==}
    engines: {node: '>=18'}
    hasBin: true
    dependencies:
      cspell-glob: 8.8.4
      find-up-simple: 1.0.0
    dev: true

  /cspell-glob@8.8.4:
    resolution: {integrity: sha512-+tRrOfTSbF/44uNl4idMZVPNfNM6WTmra4ZL44nx23iw1ikNhqZ+m0PC1oCVSlURNBEn8faFXjC/oT2BfgxoUQ==}
    engines: {node: '>=18'}
    dependencies:
      micromatch: 4.0.7
    dev: true

  /cspell-grammar@8.8.4:
    resolution: {integrity: sha512-UxDO517iW6vs/8l4OhLpdMR7Bp+tkquvtld1gWz8WYQiDwORyf0v5a3nMh4ILYZGoolOSnDuI9UjWOLI6L/vvQ==}
    engines: {node: '>=18'}
    hasBin: true
    dependencies:
      '@cspell/cspell-pipe': 8.8.4
      '@cspell/cspell-types': 8.8.4
    dev: true

  /cspell-io@8.8.4:
    resolution: {integrity: sha512-aqB/QMx+xns46QSyPEqi05uguCSxvqRnh2S/ZOhhjPlKma/7hK9niPRcwKwJXJEtNzdiZZkkC1uZt9aJe/7FTA==}
    engines: {node: '>=18'}
    dependencies:
      '@cspell/cspell-service-bus': 8.8.4
    dev: true

  /cspell-lib@8.8.4:
    resolution: {integrity: sha512-hK8gYtdQ9Lh86c8cEHITt5SaoJbfvXoY/wtpR4k393YR+eAxKziyv8ihQyFE/Z/FwuqtNvDrSntP9NLwTivd3g==}
    engines: {node: '>=18'}
    dependencies:
      '@cspell/cspell-bundled-dicts': 8.8.4
      '@cspell/cspell-pipe': 8.8.4
      '@cspell/cspell-resolver': 8.8.4
      '@cspell/cspell-types': 8.8.4
      '@cspell/dynamic-import': 8.8.4
      '@cspell/strong-weak-map': 8.8.4
      clear-module: 4.1.2
      comment-json: 4.2.3
      cspell-config-lib: 8.8.4
      cspell-dictionary: 8.8.4
      cspell-glob: 8.8.4
      cspell-grammar: 8.8.4
      cspell-io: 8.8.4
      cspell-trie-lib: 8.8.4
      env-paths: 3.0.0
      fast-equals: 5.0.1
      gensequence: 7.0.0
      import-fresh: 3.3.0
      resolve-from: 5.0.0
      vscode-languageserver-textdocument: 1.0.11
      vscode-uri: 3.0.8
      xdg-basedir: 5.1.0
    dev: true

  /cspell-trie-lib@8.8.4:
    resolution: {integrity: sha512-yCld4ZL+pFa5DL+Arfvmkv3cCQUOfdRlxElOzdkRZqWyO6h/UmO8xZb21ixVYHiqhJGZmwc3BG9Xuw4go+RLig==}
    engines: {node: '>=18'}
    dependencies:
      '@cspell/cspell-pipe': 8.8.4
      '@cspell/cspell-types': 8.8.4
      gensequence: 7.0.0
    dev: true

  /cspell@8.8.4:
    resolution: {integrity: sha512-eRUHiXvh4iRapw3lqE1nGOEAyYVfa/0lgK/e34SpcM/ECm4QuvbfY7Yl0ozCbiYywecog0RVbeJJUEYJTN5/Mg==}
    engines: {node: '>=18'}
    hasBin: true
    dependencies:
      '@cspell/cspell-json-reporter': 8.8.4
      '@cspell/cspell-pipe': 8.8.4
      '@cspell/cspell-types': 8.8.4
      '@cspell/dynamic-import': 8.8.4
      chalk: 5.3.0
      chalk-template: 1.1.0
      commander: 12.1.0
      cspell-gitignore: 8.8.4
      cspell-glob: 8.8.4
      cspell-io: 8.8.4
      cspell-lib: 8.8.4
      fast-glob: 3.3.2
      fast-json-stable-stringify: 2.1.0
      file-entry-cache: 8.0.0
      get-stdin: 9.0.0
      semver: 7.6.2
      strip-ansi: 7.1.0
      vscode-uri: 3.0.8
    dev: true

  /env-paths@3.0.0:
    resolution: {integrity: sha512-dtJUTepzMW3Lm/NPxRf3wP4642UWhjL2sQxc+ym2YMj1m/H2zDNQOlezafzkHwn6sMstjHTwG6iQQsctDW/b1A==}
    engines: {node: ^12.20.0 || ^14.13.1 || >=16.0.0}
    dev: true

  /esprima@4.0.1:
    resolution: {integrity: sha512-eGuFFw7Upda+g4p+QHvnW0RyTX/SVeJBDM/gCtMARO0cLuT2HcEKnTPvhjV6aGeqrCB/sbNop0Kszm0jsaWU4A==}
    engines: {node: '>=4'}
    hasBin: true
    dev: true

  /fast-equals@5.0.1:
    resolution: {integrity: sha512-WF1Wi8PwwSY7/6Kx0vKXtw8RwuSGoM1bvDaJbu7MxDlR1vovZjIAKrnzyrThgAjm6JDTu0fVgWXDlMGspodfoQ==}
    engines: {node: '>=6.0.0'}
    dev: true

  /fast-glob@3.3.2:
    resolution: {integrity: sha512-oX2ruAFQwf/Orj8m737Y5adxDQO0LAB7/S5MnxCdTNDd4p6BsyIVsv9JQsATbTSq8KHRpLwIHbVlUNatxd+1Ow==}
    engines: {node: '>=8.6.0'}
    dependencies:
      '@nodelib/fs.stat': 2.0.5
      '@nodelib/fs.walk': 1.2.8
      glob-parent: 5.1.2
      merge2: 1.4.1
      micromatch: 4.0.7
    dev: true

  /fast-json-stable-stringify@2.1.0:
    resolution: {integrity: sha512-lhd/wF+Lk98HZoTCtlVraHtfh5XYijIjalXck7saUtuanSDyLMxnHhSXEDJqHxD7msR8D0uCmqlkwjCV8xvwHw==}
    dev: true

  /fastq@1.17.1:
    resolution: {integrity: sha512-sRVD3lWVIXWg6By68ZN7vho9a1pQcN/WBFaAAsDDFzlJjvoGx0P8z7V1t72grFJfJhu3YPZBuu25f7Kaw2jN1w==}
    dependencies:
      reusify: 1.0.4
    dev: true

  /file-entry-cache@8.0.0:
    resolution: {integrity: sha512-XXTUwCvisa5oacNGRP9SfNtYBNAMi+RPwBFmblZEF7N7swHYQS6/Zfk7SRwx4D5j3CH211YNRco1DEMNVfZCnQ==}
    engines: {node: '>=16.0.0'}
    dependencies:
      flat-cache: 4.0.1
    dev: true

  /fill-range@7.1.1:
    resolution: {integrity: sha512-YsGpe3WHLK8ZYi4tWDg2Jy3ebRz2rXowDxnld4bkQB00cc/1Zw9AWnC0i9ztDJitivtQvaI9KaLyKrc+hBW0yg==}
    engines: {node: '>=8'}
    dependencies:
      to-regex-range: 5.0.1
    dev: true

  /find-up-simple@1.0.0:
    resolution: {integrity: sha512-q7Us7kcjj2VMePAa02hDAF6d+MzsdsAWEwYyOpwUtlerRBkOEPBCRZrAV4XfcSN8fHAgaD0hP7miwoay6DCprw==}
    engines: {node: '>=18'}
    dev: true

  /flat-cache@4.0.1:
    resolution: {integrity: sha512-f7ccFPK3SXFHpx15UIGyRJ/FJQctuKZ0zVuN3frBo4HnK3cay9VEW0R6yPYFHC0AgqhukPzKjq22t5DmAyqGyw==}
    engines: {node: '>=16'}
    dependencies:
      flatted: 3.3.1
      keyv: 4.5.4
    dev: true

  /flatted@3.3.1:
    resolution: {integrity: sha512-X8cqMLLie7KsNUDSdzeN8FYK9rEt4Dt67OsG/DNGnYTSDBG4uFAJFBnUeiV+zCVAvwFy56IjM9sH51jVaEhNxw==}
    dev: true

  /gensequence@7.0.0:
    resolution: {integrity: sha512-47Frx13aZh01afHJTB3zTtKIlFI6vWY+MYCN9Qpew6i52rfKjnhCF/l1YlC8UmEMvvntZZ6z4PiCcmyuedR2aQ==}
    engines: {node: '>=18'}
    dev: true

  /get-stdin@9.0.0:
    resolution: {integrity: sha512-dVKBjfWisLAicarI2Sf+JuBE/DghV4UzNAVe9yhEJuzeREd3JhOTE9cUaJTeSa77fsbQUK3pcOpJfM59+VKZaA==}
    engines: {node: '>=12'}
    dev: true

  /glob-parent@5.1.2:
    resolution: {integrity: sha512-AOIgSQCepiJYwP3ARnGx+5VnTu2HBYdzbGP45eLw1vr3zB3vZLeyed1sC9hnbcOc9/SrMyM5RPQrkGz4aS9Zow==}
    engines: {node: '>= 6'}
    dependencies:
      is-glob: 4.0.3
    dev: true

  /global-directory@4.0.1:
    resolution: {integrity: sha512-wHTUcDUoZ1H5/0iVqEudYW4/kAlN5cZ3j/bXn0Dpbizl9iaUVeWSHqiOjsgk6OW2bkLclbBjzewBz6weQ1zA2Q==}
    engines: {node: '>=18'}
    dependencies:
      ini: 4.1.1
    dev: true

  /has-own-prop@2.0.0:
    resolution: {integrity: sha512-Pq0h+hvsVm6dDEa8x82GnLSYHOzNDt7f0ddFa3FqcQlgzEiptPqL+XrOJNavjOzSYiYWIrgeVYYgGlLmnxwilQ==}
    engines: {node: '>=8'}
    dev: true

  /import-fresh@3.3.0:
    resolution: {integrity: sha512-veYYhQa+D1QBKznvhUHxb8faxlrwUnxseDAbAp457E0wLNio2bOSKnjYDhMj+YiAq61xrMGhQk9iXVk5FzgQMw==}
    engines: {node: '>=6'}
    dependencies:
      parent-module: 1.0.1
      resolve-from: 4.0.0
    dev: true

  /import-meta-resolve@4.1.0:
    resolution: {integrity: sha512-I6fiaX09Xivtk+THaMfAwnA3MVA5Big1WHF1Dfx9hFuvNIWpXnorlkzhcQf6ehrqQiiZECRt1poOAkPmer3ruw==}
    dev: true

  /ini@4.1.1:
    resolution: {integrity: sha512-QQnnxNyfvmHFIsj7gkPcYymR8Jdw/o7mp5ZFihxn6h8Ci6fh3Dx4E1gPjpQEpIuPo9XVNY/ZUwh4BPMjGyL01g==}
    engines: {node: ^14.17.0 || ^16.13.0 || >=18.0.0}
    dev: true

  /is-extglob@2.1.1:
    resolution: {integrity: sha512-SbKbANkN603Vi4jEZv49LeVJMn4yGwsbzZworEoyEiutsN3nJYdbO36zfhGJ6QEDpOZIFkDtnq5JRxmvl3jsoQ==}
    engines: {node: '>=0.10.0'}
    dev: true

  /is-glob@4.0.3:
    resolution: {integrity: sha512-xelSayHH36ZgE7ZWhli7pW34hNbNl8Ojv5KVmkJD4hBdD3th8Tfk9vYasLM+mXWOZhFkgZfxhLSnrwRr4elSSg==}
    engines: {node: '>=0.10.0'}
    dependencies:
      is-extglob: 2.1.1
    dev: true

  /is-number@7.0.0:
    resolution: {integrity: sha512-41Cifkg6e8TylSpdtTpeLVMqvSBEVzTttHvERD741+pnZ8ANv0004MRL43QKPDlK9cGvNp6NZWZUBlbGXYxxng==}
    engines: {node: '>=0.12.0'}
    dev: true

  /json-buffer@3.0.1:
    resolution: {integrity: sha512-4bV5BfR2mqfQTJm+V5tPPdf+ZpuhiIvTuAB5g8kcrXOZpTT/QwwVRWBywX1ozr6lEuPdbHxwaJlm9G6mI2sfSQ==}
    dev: true

  /keyv@4.5.4:
    resolution: {integrity: sha512-oxVHkHR/EJf2CNXnWxRLW6mg7JyCCUcG0DtEGmL2ctUo1PNTin1PUil+r/+4r5MpVgC/fn1kjsx7mjSujKqIpw==}
    dependencies:
      json-buffer: 3.0.1
    dev: true

  /merge2@1.4.1:
    resolution: {integrity: sha512-8q7VEgMJW4J8tcfVPy8g09NcQwZdbwFEqhe/WZkoIzjn/3TGDwtOCYtXGxA3O8tPzpczCCDgv+P2P5y00ZJOOg==}
    engines: {node: '>= 8'}
    dev: true

  /micromatch@4.0.7:
    resolution: {integrity: sha512-LPP/3KorzCwBxfeUuZmaR6bG2kdeHSbe0P2tY3FLRU4vYrjYz5hI4QZwV0njUx3jeuKe67YukQ1LSPZBKDqO/Q==}
    engines: {node: '>=8.6'}
    dependencies:
      braces: 3.0.3
      picomatch: 2.3.1
    dev: true

  /parent-module@1.0.1:
    resolution: {integrity: sha512-GQ2EWRpQV8/o+Aw8YqtfZZPfNRWZYkbidE9k5rpl/hC3vtHHBfGm2Ifi6qWV+coDGkrUKZAxE3Lot5kcsRlh+g==}
    engines: {node: '>=6'}
    dependencies:
      callsites: 3.1.0
    dev: true

  /parent-module@2.0.0:
    resolution: {integrity: sha512-uo0Z9JJeWzv8BG+tRcapBKNJ0dro9cLyczGzulS6EfeyAdeC9sbojtW6XwvYxJkEne9En+J2XEl4zyglVeIwFg==}
    engines: {node: '>=8'}
    dependencies:
      callsites: 3.1.0
    dev: true

  /picomatch@2.3.1:
    resolution: {integrity: sha512-JU3teHTNjmE2VCGFzuY8EXzCDVwEqB2a8fsIvwaStHhAWJEeVd1o1QD80CU6+ZdEXXSLbSsuLwJjkCBWqRQUVA==}
    engines: {node: '>=8.6'}
    dev: true

  /queue-microtask@1.2.3:
    resolution: {integrity: sha512-NuaNSa6flKT5JaSYQzJok04JzTL1CA6aGhv5rfLW3PgqA+M2ChpZQnAC8h8i4ZFkBS8X5RqkDBHA7r4hej3K9A==}
    dev: true

  /repeat-string@1.6.1:
    resolution: {integrity: sha512-PV0dzCYDNfRi1jCDbJzpW7jNNDRuCOG/jI5ctQcGKt/clZD+YcPS3yIlWuTJMmESC8aevCFmWJy5wjAFgNqN6w==}
    engines: {node: '>=0.10'}
    dev: true

  /resolve-from@4.0.0:
    resolution: {integrity: sha512-pb/MYmXstAkysRFx8piNI1tGFNQIFA3vkE3Gq4EuA1dF6gHp/+vgZqsCGJapvy8N3Q+4o7FwvquPJcnZ7RYy4g==}
    engines: {node: '>=4'}
    dev: true

  /resolve-from@5.0.0:
    resolution: {integrity: sha512-qYg9KP24dD5qka9J47d0aVky0N+b4fTU89LN9iDnjB5waksiC49rvMB0PrUJQGoTmH50XPiqOvAjDfaijGxYZw==}
    engines: {node: '>=8'}
    dev: true

  /reusify@1.0.4:
    resolution: {integrity: sha512-U9nH88a3fc/ekCF1l0/UP1IosiuIjyTh7hBvXVMHYgVcfGvt897Xguj2UOLDeI5BG2m7/uwyaLVT6fbtCwTyzw==}
    engines: {iojs: '>=1.0.0', node: '>=0.10.0'}
    dev: true

  /run-parallel@1.2.0:
    resolution: {integrity: sha512-5l4VyZR86LZ/lDxZTR6jqL8AFE2S0IFLMP26AbjsLVADxHdhB/c0GUsH+y39UfCi3dzz8OlQuPmnaJOMoDHQBA==}
    dependencies:
      queue-microtask: 1.2.3
    dev: true

  /semver@7.6.2:
    resolution: {integrity: sha512-FNAIBWCx9qcRhoHcgcJ0gvU7SN1lYU2ZXuSfl04bSC5OpvDHFyJCjdNHomPXxjQlCBU67YW64PzY7/VIEH7F2w==}
    engines: {node: '>=10'}
    hasBin: true
    dev: true

  /strip-ansi@7.1.0:
    resolution: {integrity: sha512-iq6eVVI64nQQTRYq2KtEg2d2uU7LElhTJwsH4YzIHZshxlgZms/wIc4VoDQTlG/IvVIrBKG06CrZnp0qv7hkcQ==}
    engines: {node: '>=12'}
    dependencies:
      ansi-regex: 6.0.1
    dev: true

  /to-regex-range@5.0.1:
    resolution: {integrity: sha512-65P7iz6X5yEr1cwcgvQxbbIw7Uk3gOy5dIdtZ4rDveLqhrdJP+Li/Hx6tyK0NEb+2GCyneCMJiGqrADCSNk8sQ==}
    engines: {node: '>=8.0'}
    dependencies:
      is-number: 7.0.0
    dev: true

  /vscode-languageserver-textdocument@1.0.11:
    resolution: {integrity: sha512-X+8T3GoiwTVlJbicx/sIAF+yuJAqz8VvwJyoMVhwEMoEKE/fkDmrqUgDMyBECcM2A2frVZIUj5HI/ErRXCfOeA==}
    dev: true

  /vscode-uri@3.0.8:
    resolution: {integrity: sha512-AyFQ0EVmsOZOlAnxoFOGOq1SQDWAB7C6aqMGS23svWAllfOaxbuFvcT8D1i8z3Gyn8fraVeZNNmN6e9bxxXkKw==}
    dev: true

  /xdg-basedir@5.1.0:
    resolution: {integrity: sha512-GCPAHLvrIH13+c0SuacwvRYj2SxJXQ4kaVTT5xgL3kPrz56XxkF21IGhjSE1+W0aw7gpBWRGXLCPnPby6lSpmQ==}
    engines: {node: '>=12'}
    dev: true

  /yaml@2.4.5:
    resolution: {integrity: sha512-aBx2bnqDzVOyNKfsysjA2ms5ZlnjSAW2eG3/L5G/CSujfjLJTJsEw1bGw8kCf04KodQWk1pxlGnZ56CRxiawmg==}
    engines: {node: '>= 14'}
    hasBin: true
    dev: true
