# THIS IS AN AUTOGENERATED FILE. DO NOT EDIT THIS FILE DIRECTLY.
# yarn lockfile v1


"@cspell/cspell-bundled-dicts@8.17.1":
  version "8.17.1"
  resolved "https://registry.yarnpkg.com/@cspell/cspell-bundled-dicts/-/cspell-bundled-dicts-8.17.1.tgz#61adad73f1bb1e12b182ffa04423d6052b18f0fc"
  integrity sha512-HmkXS5uX4bk/XxsRS4Q+zRvhgRa81ddGiR2/Xfag9MIi5L5UnEJ4g21EpmIlXkMxYrTu2fp69SZFss5NfcFF9Q==
  dependencies:
    "@cspell/dict-ada" "^4.0.5"
    "@cspell/dict-al" "^1.0.3"
    "@cspell/dict-aws" "^4.0.7"
    "@cspell/dict-bash" "^4.1.8"
    "@cspell/dict-companies" "^3.1.8"
    "@cspell/dict-cpp" "^6.0.2"
    "@cspell/dict-cryptocurrencies" "^5.0.3"
    "@cspell/dict-csharp" "^4.0.5"
    "@cspell/dict-css" "^4.0.16"
    "@cspell/dict-dart" "^2.2.4"
    "@cspell/dict-django" "^4.1.3"
    "@cspell/dict-docker" "^1.1.11"
    "@cspell/dict-dotnet" "^5.0.8"
    "@cspell/dict-elixir" "^4.0.6"
    "@cspell/dict-en-common-misspellings" "^2.0.7"
    "@cspell/dict-en-gb" "1.1.33"
    "@cspell/dict-en_us" "^4.3.28"
    "@cspell/dict-filetypes" "^3.0.9"
    "@cspell/dict-flutter" "^1.0.3"
    "@cspell/dict-fonts" "^4.0.3"
    "@cspell/dict-fsharp" "^1.0.4"
    "@cspell/dict-fullstack" "^3.2.3"
    "@cspell/dict-gaming-terms" "^1.0.9"
    "@cspell/dict-git" "^3.0.3"
    "@cspell/dict-golang" "^6.0.17"
    "@cspell/dict-google" "^1.0.4"
    "@cspell/dict-haskell" "^4.0.4"
    "@cspell/dict-html" "^4.0.10"
    "@cspell/dict-html-symbol-entities" "^4.0.3"
    "@cspell/dict-java" "^5.0.10"
    "@cspell/dict-julia" "^1.0.4"
    "@cspell/dict-k8s" "^1.0.9"
    "@cspell/dict-latex" "^4.0.3"
    "@cspell/dict-lorem-ipsum" "^4.0.3"
    "@cspell/dict-lua" "^4.0.6"
    "@cspell/dict-makefile" "^1.0.3"
    "@cspell/dict-markdown" "^2.0.7"
    "@cspell/dict-monkeyc" "^1.0.9"
    "@cspell/dict-node" "^5.0.5"
    "@cspell/dict-npm" "^5.1.17"
    "@cspell/dict-php" "^4.0.13"
    "@cspell/dict-powershell" "^5.0.13"
    "@cspell/dict-public-licenses" "^2.0.11"
    "@cspell/dict-python" "^4.2.13"
    "@cspell/dict-r" "^2.0.4"
    "@cspell/dict-ruby" "^5.0.7"
    "@cspell/dict-rust" "^4.0.10"
    "@cspell/dict-scala" "^5.0.6"
    "@cspell/dict-software-terms" "^4.1.19"
    "@cspell/dict-sql" "^2.1.8"
    "@cspell/dict-svelte" "^1.0.5"
    "@cspell/dict-swift" "^2.0.4"
    "@cspell/dict-terraform" "^1.0.6"
    "@cspell/dict-typescript" "^3.1.11"
    "@cspell/dict-vue" "^3.0.3"

"@cspell/cspell-json-reporter@8.17.1":
  version "8.17.1"
  resolved "https://registry.yarnpkg.com/@cspell/cspell-json-reporter/-/cspell-json-reporter-8.17.1.tgz#c1678665f183589e5fc19a1c0933b8d362165a43"
  integrity sha512-EV9Xkh42Xw3aORvDZfxusICX91DDbqQpYdGKBdPGuhgxWOUYYZKpLXsHCmDkhruMPo2m5gDh++/OqjLRPZofKQ==
  dependencies:
    "@cspell/cspell-types" "8.17.1"

"@cspell/cspell-pipe@8.17.1":
  version "8.17.1"
  resolved "https://registry.yarnpkg.com/@cspell/cspell-pipe/-/cspell-pipe-8.17.1.tgz#c247d4bd1c8ec43c49c46dc4458f00489e98232b"
  integrity sha512-uhC99Ox+OH3COSgShv4fpVHiotR70dNvAOSkzRvKVRzV6IGyFnxHjmyVVPEV0dsqzVLxltwYTqFhwI+UOwm45A==

"@cspell/cspell-resolver@8.17.1":
  version "8.17.1"
  resolved "https://registry.yarnpkg.com/@cspell/cspell-resolver/-/cspell-resolver-8.17.1.tgz#6377c9c8c05c940fee675c74e31f893b7b2f38ab"
  integrity sha512-XEK2ymTdQNgsV3ny60VkKzWskbICl4zNXh/DbxsoRXHqIRg43MXFpTNkEJ7j873EqdX7BU4opQQ+5D4stWWuhQ==
  dependencies:
    global-directory "^4.0.1"

"@cspell/cspell-service-bus@8.17.1":
  version "8.17.1"
  resolved "https://registry.yarnpkg.com/@cspell/cspell-service-bus/-/cspell-service-bus-8.17.1.tgz#8d6d82ea3ab0fc9d7efed8523b070e4842780bd1"
  integrity sha512-2sFWQtMEWZ4tdz7bw0bAx4NaV1t0ynGfjpuKWdQppsJFKNb+ZPZZ6Ah1dC13AdRRMZaG194kDRFwzNvRaCgWkQ==

"@cspell/cspell-types@8.17.1":
  version "8.17.1"
  resolved "https://registry.yarnpkg.com/@cspell/cspell-types/-/cspell-types-8.17.1.tgz#5512030b4c2e7881a8822ab3afabbd4f5ddffb6f"
  integrity sha512-NJbov7Jp57fh8addoxesjb8atg/APQfssCH5Q9uZuHBN06wEJDgs7fhfE48bU+RBViC9gltblsYZzZZQKzHYKg==

"@cspell/dict-ada@^4.0.5":
  version "4.0.5"
  resolved "https://registry.yarnpkg.com/@cspell/dict-ada/-/dict-ada-4.0.5.tgz#c14aae2faaecbad2d99f0d701e4700a48c68ef60"
  integrity sha512-6/RtZ/a+lhFVmrx/B7bfP7rzC4yjEYe8o74EybXcvu4Oue6J4Ey2WSYj96iuodloj1LWrkNCQyX5h4Pmcj0Iag==

"@cspell/dict-al@^1.0.3":
  version "1.0.3"
  resolved "https://registry.yarnpkg.com/@cspell/dict-al/-/dict-al-1.0.3.tgz#09e288b5ab56b126dce895d3301faf7c0dd732d6"
  integrity sha512-V1HClwlfU/qwSq2Kt+MkqRAsonNu3mxjSCDyGRecdLGIHmh7yeEeaxqRiO/VZ4KP+eVSiSIlbwrb5YNFfxYZbw==

"@cspell/dict-aws@^4.0.4", "@cspell/dict-aws@^4.0.7":
  version "4.0.7"
  resolved "https://registry.yarnpkg.com/@cspell/dict-aws/-/dict-aws-4.0.7.tgz#f96f3b70cd52a25b895eb08e297de5a5cc3fc5b6"
  integrity sha512-PoaPpa2NXtSkhGIMIKhsJUXB6UbtTt6Ao3x9JdU9kn7fRZkwD4RjHDGqulucIOz7KeEX/dNRafap6oK9xHe4RA==

"@cspell/dict-bash@^4.1.8":
  version "4.1.8"
  resolved "https://registry.yarnpkg.com/@cspell/dict-bash/-/dict-bash-4.1.8.tgz#26dc898e06eddea069cf1ad475ee0e867c89e632"
  integrity sha512-I2CM2pTNthQwW069lKcrVxchJGMVQBzru2ygsHCwgidXRnJL/NTjAPOFTxN58Jc1bf7THWghfEDyKX/oyfc0yg==

"@cspell/dict-companies@^3.1.8":
  version "3.1.10"
  resolved "https://registry.yarnpkg.com/@cspell/dict-companies/-/dict-companies-3.1.10.tgz#1351959ba14a2c1f0678dd99069240748a724aa2"
  integrity sha512-KpRLiVDCpTkF+IjWnuYc31B0gyHVh0TSf/MDrWPobl9oYNQRWFUMACAJO9FP+kHI0jzLjTyLC1KpKwqte/88iA==

"@cspell/dict-cpp@^6.0.2":
  version "6.0.2"
  resolved "https://registry.yarnpkg.com/@cspell/dict-cpp/-/dict-cpp-6.0.2.tgz#e4549ee1bdf4b6402c0b978eb9dd3deac0eb05df"
  integrity sha512-yw5eejWvY4bAnc6LUA44m4WsFwlmgPt2uMSnO7QViGMBDuoeopMma4z9XYvs4lSjTi8fIJs/A1YDfM9AVzb8eg==

"@cspell/dict-cryptocurrencies@^5.0.3":
  version "5.0.3"
  resolved "https://registry.yarnpkg.com/@cspell/dict-cryptocurrencies/-/dict-cryptocurrencies-5.0.3.tgz#502f9fffcb2835a3379668ddebdc487678ce6207"
  integrity sha512-bl5q+Mk+T3xOZ12+FG37dB30GDxStza49Rmoax95n37MTLksk9wBo1ICOlPJ6PnDUSyeuv4SIVKgRKMKkJJglA==

"@cspell/dict-csharp@^4.0.5":
  version "4.0.5"
  resolved "https://registry.yarnpkg.com/@cspell/dict-csharp/-/dict-csharp-4.0.5.tgz#c677c50be09ca5bb3a2cc0be15f3cd05141fd2f7"
  integrity sha512-c/sFnNgtRwRJxtC3JHKkyOm+U3/sUrltFeNwml9VsxKBHVmvlg4tk4ar58PdpW9/zTlGUkWi2i85//DN1EsUCA==

"@cspell/dict-css@^4.0.16":
  version "4.0.16"
  resolved "https://registry.yarnpkg.com/@cspell/dict-css/-/dict-css-4.0.16.tgz#b7b87b5ea0f1157b023205bdb00070a7d231e367"
  integrity sha512-70qu7L9z/JR6QLyJPk38fNTKitlIHnfunx0wjpWQUQ8/jGADIhMCrz6hInBjqPNdtGpYm8d1dNFyF8taEkOgrQ==

"@cspell/dict-dart@^2.2.4":
  version "2.2.4"
  resolved "https://registry.yarnpkg.com/@cspell/dict-dart/-/dict-dart-2.2.4.tgz#8b877161ccdc65cead912b742b71aa55099c1706"
  integrity sha512-of/cVuUIZZK/+iqefGln8G3bVpfyN6ZtH+LyLkHMoR5tEj+2vtilGNk9ngwyR8L4lEqbKuzSkOxgfVjsXf5PsQ==

"@cspell/dict-data-science@^2.0.1", "@cspell/dict-data-science@^2.0.5":
  version "2.0.5"
  resolved "https://registry.yarnpkg.com/@cspell/dict-data-science/-/dict-data-science-2.0.5.tgz#816e9b394c2a423d14cdc9a5de5d6fc6141d3900"
  integrity sha512-nNSILXmhSJox9/QoXICPQgm8q5PbiSQP4afpbkBqPi/u/b3K9MbNH5HvOOa6230gxcGdbZ9Argl2hY/U8siBlg==

"@cspell/dict-django@^4.1.3":
  version "4.1.3"
  resolved "https://registry.yarnpkg.com/@cspell/dict-django/-/dict-django-4.1.3.tgz#a02a4a9ef8c9f47344f2d4a0c3964bcb62069ef5"
  integrity sha512-yBspeL3roJlO0a1vKKNaWABURuHdHZ9b1L8d3AukX0AsBy9snSggc8xCavPmSzNfeMDXbH+1lgQiYBd3IW03fg==

"@cspell/dict-docker@^1.1.11":
  version "1.1.11"
  resolved "https://registry.yarnpkg.com/@cspell/dict-docker/-/dict-docker-1.1.11.tgz#6fce86eb6d86d73f77e18d3e7b9747bad3ca98de"
  integrity sha512-s0Yhb16/R+UT1y727ekbR/itWQF3Qz275DR1ahOa66wYtPjHUXmhM3B/LT3aPaX+hD6AWmK23v57SuyfYHUjsw==

"@cspell/dict-dotnet@^5.0.8":
  version "5.0.8"
  resolved "https://registry.yarnpkg.com/@cspell/dict-dotnet/-/dict-dotnet-5.0.8.tgz#8a110ca302946025e0273a9940079483ec33a88a"
  integrity sha512-MD8CmMgMEdJAIPl2Py3iqrx3B708MbCIXAuOeZ0Mzzb8YmLmiisY7QEYSZPg08D7xuwARycP0Ki+bb0GAkFSqg==

"@cspell/dict-elixir@^4.0.6":
  version "4.0.6"
  resolved "https://registry.yarnpkg.com/@cspell/dict-elixir/-/dict-elixir-4.0.6.tgz#3d8965c558d8afd190356e9a900b02c546741feb"
  integrity sha512-TfqSTxMHZ2jhiqnXlVKM0bUADtCvwKQv2XZL/DI0rx3doG8mEMS8SGPOmiyyGkHpR/pGOq18AFH3BEm4lViHIw==

"@cspell/dict-en-common-misspellings@^2.0.7":
  version "2.0.7"
  resolved "https://registry.yarnpkg.com/@cspell/dict-en-common-misspellings/-/dict-en-common-misspellings-2.0.7.tgz#62861cc9e813c947ebd71c7a50fc720767b4b543"
  integrity sha512-qNFo3G4wyabcwnM+hDrMYKN9vNVg/k9QkhqSlSst6pULjdvPyPs1mqz1689xO/v9t8e6sR4IKc3CgUXDMTYOpA==

"@cspell/dict-en-gb@1.1.33":
  version "1.1.33"
  resolved "https://registry.yarnpkg.com/@cspell/dict-en-gb/-/dict-en-gb-1.1.33.tgz#7f1fd90fc364a5cb77111b5438fc9fcf9cc6da0e"
  integrity sha512-tKSSUf9BJEV+GJQAYGw5e+ouhEe2ZXE620S7BLKe3ZmpnjlNG9JqlnaBhkIMxKnNFkLY2BP/EARzw31AZnOv4g==

"@cspell/dict-en_us@^4.3.23", "@cspell/dict-en_us@^4.3.28":
  version "4.3.28"
  resolved "https://registry.yarnpkg.com/@cspell/dict-en_us/-/dict-en_us-4.3.28.tgz#41169e1ed18465e7ff367a4f4488d4cbc6cf0baa"
  integrity sha512-BN1PME7cOl7DXRQJ92pEd1f0Xk5sqjcDfThDGkKcsgwbSOY7KnTc/czBW6Pr3WXIchIm6cT12KEfjNqx7U7Rrw==

"@cspell/dict-filetypes@^3.0.9":
  version "3.0.9"
  resolved "https://registry.yarnpkg.com/@cspell/dict-filetypes/-/dict-filetypes-3.0.9.tgz#f4d5c35c341e6c3b77c08aec00678412641e1504"
  integrity sha512-U7ycC1cE32A5aEgwzp/iE0TVabonUFnVt+Ygbf6NsIWqEuFWZgZChC7gfztA4T1fpuj602nFdp7eOnTWKORsnQ==

"@cspell/dict-flutter@^1.0.3":
  version "1.0.3"
  resolved "https://registry.yarnpkg.com/@cspell/dict-flutter/-/dict-flutter-1.0.3.tgz#23e552209ab2238733d30ca3f2a141359756af51"
  integrity sha512-52C9aUEU22ptpgYh6gQyIdA4MP6NPwzbEqndfgPh3Sra191/kgs7CVqXiO1qbtZa9gnYHUoVApkoxRE7mrXHfg==

"@cspell/dict-fonts@^4.0.3":
  version "4.0.3"
  resolved "https://registry.yarnpkg.com/@cspell/dict-fonts/-/dict-fonts-4.0.3.tgz#abf578c10a2e7b2bd8f4374002677625288560d9"
  integrity sha512-sPd17kV5qgYXLteuHFPn5mbp/oCHKgitNfsZLFC3W2fWEgZlhg4hK+UGig3KzrYhhvQ8wBnmZrAQm0TFKCKzsA==

"@cspell/dict-fsharp@^1.0.4":
  version "1.0.4"
  resolved "https://registry.yarnpkg.com/@cspell/dict-fsharp/-/dict-fsharp-1.0.4.tgz#19a7263a61ca89cd3ec9c17537e424907b81ef38"
  integrity sha512-G5wk0o1qyHUNi9nVgdE1h5wl5ylq7pcBjX8vhjHcO4XBq20D5eMoXjwqMo/+szKAqzJ+WV3BgAL50akLKrT9Rw==

"@cspell/dict-fullstack@^3.2.0", "@cspell/dict-fullstack@^3.2.3":
  version "3.2.3"
  resolved "https://registry.yarnpkg.com/@cspell/dict-fullstack/-/dict-fullstack-3.2.3.tgz#f6fff74eff00c6759cba510168acada0619004cc"
  integrity sha512-62PbndIyQPH11mAv0PyiyT0vbwD0AXEocPpHlCHzfb5v9SspzCCbzQ/LIBiFmyRa+q5LMW35CnSVu6OXdT+LKg==

"@cspell/dict-gaming-terms@^1.0.9":
  version "1.0.9"
  resolved "https://registry.yarnpkg.com/@cspell/dict-gaming-terms/-/dict-gaming-terms-1.0.9.tgz#6b920386d281b89f70857e6dacea10ab89e88658"
  integrity sha512-AVIrZt3YiUnxsUzzGYTZ1XqgtkgwGEO0LWIlEf+SiDUEVLtv4CYmmyXFQ+WXDN0pyJ0wOwDazWrP0Cu7avYQmQ==

"@cspell/dict-git@^3.0.3":
  version "3.0.3"
  resolved "https://registry.yarnpkg.com/@cspell/dict-git/-/dict-git-3.0.3.tgz#3a3805ab9902bffc9255ec48f648145b957eb30b"
  integrity sha512-LSxB+psZ0qoj83GkyjeEH/ZViyVsGEF/A6BAo8Nqc0w0HjD2qX/QR4sfA6JHUgQ3Yi/ccxdK7xNIo67L2ScW5A==

"@cspell/dict-golang@^6.0.12", "@cspell/dict-golang@^6.0.17":
  version "6.0.17"
  resolved "https://registry.yarnpkg.com/@cspell/dict-golang/-/dict-golang-6.0.17.tgz#8f3c11189b869db7216cb4496514b9882d1e30a5"
  integrity sha512-uDDLEJ/cHdLiqPw4+5BnmIo2i/TSR+uDvYd6JlBjTmjBKpOCyvUgYRztH7nv5e7virsN5WDiUWah4/ATQGz4Pw==

"@cspell/dict-google@^1.0.4":
  version "1.0.4"
  resolved "https://registry.yarnpkg.com/@cspell/dict-google/-/dict-google-1.0.4.tgz#e15a7ea2dee73800231a81840a59d3b50d49346f"
  integrity sha512-JThUT9eiguCja1mHHLwYESgxkhk17Gv7P3b1S7ZJzXw86QyVHPrbpVoMpozHk0C9o+Ym764B7gZGKmw9uMGduQ==

"@cspell/dict-haskell@^4.0.4":
  version "4.0.4"
  resolved "https://registry.yarnpkg.com/@cspell/dict-haskell/-/dict-haskell-4.0.4.tgz#37e9cb9a7f5be337a697bcffd0a0d25e80aab50d"
  integrity sha512-EwQsedEEnND/vY6tqRfg9y7tsnZdxNqOxLXSXTsFA6JRhUlr8Qs88iUUAfsUzWc4nNmmzQH2UbtT25ooG9x4nA==

"@cspell/dict-html-symbol-entities@^4.0.3":
  version "4.0.3"
  resolved "https://registry.yarnpkg.com/@cspell/dict-html-symbol-entities/-/dict-html-symbol-entities-4.0.3.tgz#bf2887020ca4774413d8b1f27c9b6824ba89e9ef"
  integrity sha512-aABXX7dMLNFdSE8aY844X4+hvfK7977sOWgZXo4MTGAmOzR8524fjbJPswIBK7GaD3+SgFZ2yP2o0CFvXDGF+A==

"@cspell/dict-html@^4.0.10":
  version "4.0.10"
  resolved "https://registry.yarnpkg.com/@cspell/dict-html/-/dict-html-4.0.10.tgz#7b536b2adca4b58ed92752c9d3c7ffc724dd5991"
  integrity sha512-I9uRAcdtHbh0wEtYZlgF0TTcgH0xaw1B54G2CW+tx4vHUwlde/+JBOfIzird4+WcMv4smZOfw+qHf7puFUbI5g==

"@cspell/dict-java@^5.0.10":
  version "5.0.10"
  resolved "https://registry.yarnpkg.com/@cspell/dict-java/-/dict-java-5.0.10.tgz#e6383ca645046b9f05a04a2c2e858fcc80c6fc63"
  integrity sha512-pVNcOnmoGiNL8GSVq4WbX/Vs2FGS0Nej+1aEeGuUY9CU14X8yAVCG+oih5ZoLt1jaR8YfR8byUF8wdp4qG4XIw==

"@cspell/dict-julia@^1.0.4":
  version "1.0.4"
  resolved "https://registry.yarnpkg.com/@cspell/dict-julia/-/dict-julia-1.0.4.tgz#e478c20d742cd6857b6de41dc61a92036dafb4bc"
  integrity sha512-bFVgNX35MD3kZRbXbJVzdnN7OuEqmQXGpdOi9jzB40TSgBTlJWA4nxeAKV4CPCZxNRUGnLH0p05T/AD7Aom9/w==

"@cspell/dict-k8s@^1.0.6", "@cspell/dict-k8s@^1.0.9":
  version "1.0.9"
  resolved "https://registry.yarnpkg.com/@cspell/dict-k8s/-/dict-k8s-1.0.9.tgz#e9392a002797c67ffc3e96893156cc15af3774d1"
  integrity sha512-Q7GELSQIzo+BERl2ya/nBEnZeQC+zJP19SN1pI6gqDYraM51uYJacbbcWLYYO2Y+5joDjNt/sd/lJtLaQwoSlA==

"@cspell/dict-latex@^4.0.3":
  version "4.0.3"
  resolved "https://registry.yarnpkg.com/@cspell/dict-latex/-/dict-latex-4.0.3.tgz#a1254c7d9c3a2d70cd6391a9f2f7694431b1b2cb"
  integrity sha512-2KXBt9fSpymYHxHfvhUpjUFyzrmN4c4P8mwIzweLyvqntBT3k0YGZJSriOdjfUjwSygrfEwiuPI1EMrvgrOMJw==

"@cspell/dict-lorem-ipsum@^4.0.3":
  version "4.0.3"
  resolved "https://registry.yarnpkg.com/@cspell/dict-lorem-ipsum/-/dict-lorem-ipsum-4.0.3.tgz#c5fc631d934f1daf8b10c88b795278701a2469ec"
  integrity sha512-WFpDi/PDYHXft6p0eCXuYnn7mzMEQLVeqpO+wHSUd+kz5ADusZ4cpslAA4wUZJstF1/1kMCQCZM6HLZic9bT8A==

"@cspell/dict-lua@^4.0.6":
  version "4.0.6"
  resolved "https://registry.yarnpkg.com/@cspell/dict-lua/-/dict-lua-4.0.6.tgz#7de412bfaead794445e26d566aec222e20ad69ba"
  integrity sha512-Jwvh1jmAd9b+SP9e1GkS2ACbqKKRo9E1f9GdjF/ijmooZuHU0hPyqvnhZzUAxO1egbnNjxS/J2T6iUtjAUK2KQ==

"@cspell/dict-makefile@^1.0.3":
  version "1.0.3"
  resolved "https://registry.yarnpkg.com/@cspell/dict-makefile/-/dict-makefile-1.0.3.tgz#08d3349bf7cbd8f5dacf8641f3d35092ca0b8b38"
  integrity sha512-R3U0DSpvTs6qdqfyBATnePj9Q/pypkje0Nj26mQJ8TOBQutCRAJbr2ZFAeDjgRx5EAJU/+8txiyVF97fbVRViw==

"@cspell/dict-markdown@^2.0.7":
  version "2.0.7"
  resolved "https://registry.yarnpkg.com/@cspell/dict-markdown/-/dict-markdown-2.0.7.tgz#15d6f9eed6bd1b33921b4332426ff387961163f1"
  integrity sha512-F9SGsSOokFn976DV4u/1eL4FtKQDSgJHSZ3+haPRU5ki6OEqojxKa8hhj4AUrtNFpmBaJx/WJ4YaEzWqG7hgqg==

"@cspell/dict-monkeyc@^1.0.9":
  version "1.0.9"
  resolved "https://registry.yarnpkg.com/@cspell/dict-monkeyc/-/dict-monkeyc-1.0.9.tgz#58b5f6f15fc7c11ce0eeffd0742fba4b39fc0b8b"
  integrity sha512-Jvf6g5xlB4+za3ThvenYKREXTEgzx5gMUSzrAxIiPleVG4hmRb/GBSoSjtkGaibN3XxGx5x809gSTYCA/IHCpA==

"@cspell/dict-node@^5.0.5":
  version "5.0.5"
  resolved "https://registry.yarnpkg.com/@cspell/dict-node/-/dict-node-5.0.5.tgz#11653612ebdd833208432e8b3cbe61bd6dd35dc3"
  integrity sha512-7NbCS2E8ZZRZwlLrh2sA0vAk9n1kcTUiRp/Nia8YvKaItGXLfxYqD2rMQ3HpB1kEutal6hQLVic3N2Yi1X7AaA==

"@cspell/dict-npm@^5.1.17":
  version "5.1.20"
  resolved "https://registry.yarnpkg.com/@cspell/dict-npm/-/dict-npm-5.1.20.tgz#5e54b428d7609267263d426d0edc9d51d53f0a6f"
  integrity sha512-vE9pFIifCDChsVhhUDuVtnwxygOdtHNluDm+8FkgC84M6LwiUVJr/CuSOI/SCR0oI9iiFp0VvMz194B6XwMv3g==

"@cspell/dict-people-names@^1.1.1":
  version "1.1.4"
  resolved "https://registry.yarnpkg.com/@cspell/dict-people-names/-/dict-people-names-1.1.4.tgz#e5a9bf51f0d6aae7f51cd1f2d2eb218f8f5bdba8"
  integrity sha512-YgnstmeGj/FoIEX996w6SpzTHyNHNxBinwbgozciEo4KJEQkdR7K1GIvJJdRh5Bh81T7xY7PCb6l4nStCFyclA==

"@cspell/dict-php@^4.0.13":
  version "4.0.13"
  resolved "https://registry.yarnpkg.com/@cspell/dict-php/-/dict-php-4.0.13.tgz#86f1e6fb2174b2b0fa012baf86c448b2730f04f9"
  integrity sha512-P6sREMZkhElzz/HhXAjahnICYIqB/HSGp1EhZh+Y6IhvC15AzgtDP8B8VYCIsQof6rPF1SQrFwunxOv8H1e2eg==

"@cspell/dict-powershell@^5.0.13":
  version "5.0.13"
  resolved "https://registry.yarnpkg.com/@cspell/dict-powershell/-/dict-powershell-5.0.13.tgz#f557aa04ee9bda4fe091308a0bcaea09ed12fa76"
  integrity sha512-0qdj0XZIPmb77nRTynKidRJKTU0Fl+10jyLbAhFTuBWKMypVY06EaYFnwhsgsws/7nNX8MTEQuewbl9bWFAbsg==

"@cspell/dict-public-licenses@^2.0.11":
  version "2.0.11"
  resolved "https://registry.yarnpkg.com/@cspell/dict-public-licenses/-/dict-public-licenses-2.0.11.tgz#37550c4e0cd445991caba528bf4ba58ce7a935c3"
  integrity sha512-rR5KjRUSnVKdfs5G+gJ4oIvQvm8+NJ6cHWY2N+GE69/FSGWDOPHxulCzeGnQU/c6WWZMSimG9o49i9r//lUQyA==

"@cspell/dict-python@^4.2.13":
  version "4.2.13"
  resolved "https://registry.yarnpkg.com/@cspell/dict-python/-/dict-python-4.2.13.tgz#c3dbaa7e2434c835e11540345e2168e5e685190a"
  integrity sha512-mZIcmo9qif8LkJ6N/lqTZawcOk2kVTcuWIUOSbMcjyomO0XZ7iWz15TfONyr03Ea/l7o5ULV+MZ4vx76bAUb7w==
  dependencies:
    "@cspell/dict-data-science" "^2.0.5"

"@cspell/dict-r@^2.0.4":
  version "2.0.4"
  resolved "https://registry.yarnpkg.com/@cspell/dict-r/-/dict-r-2.0.4.tgz#31b5abd91cc12aebfffdde4be4d2902668789311"
  integrity sha512-cBpRsE/U0d9BRhiNRMLMH1PpWgw+N+1A2jumgt1if9nBGmQw4MUpg2u9I0xlFVhstTIdzXiLXMxP45cABuiUeQ==

"@cspell/dict-ru_ru@^2.2.1":
  version "2.2.4"
  resolved "https://registry.yarnpkg.com/@cspell/dict-ru_ru/-/dict-ru_ru-2.2.4.tgz#a0b4a9272ca360b1721ef999e02559dc636d4043"
  integrity sha512-Ub5Y318ZAaFJDAPgeImcLg8ksfthGhxMHsyHGkn9Uf3g9AZUlYsabs1HwgLmh9NtqDNjMlF52S9R11GFDdaWIw==

"@cspell/dict-ruby@^5.0.7":
  version "5.0.7"
  resolved "https://registry.yarnpkg.com/@cspell/dict-ruby/-/dict-ruby-5.0.7.tgz#3593a955baaffe3c5d28fb178b72fdf93c7eec71"
  integrity sha512-4/d0hcoPzi5Alk0FmcyqlzFW9lQnZh9j07MJzPcyVO62nYJJAGKaPZL2o4qHeCS/od/ctJC5AHRdoUm0ktsw6Q==

"@cspell/dict-rust@^4.0.10":
  version "4.0.10"
  resolved "https://registry.yarnpkg.com/@cspell/dict-rust/-/dict-rust-4.0.10.tgz#8ae6eaf31a0ebce9dc8fd8dd68e5925e1d5290ee"
  integrity sha512-6o5C8566VGTTctgcwfF3Iy7314W0oMlFFSQOadQ0OEdJ9Z9ERX/PDimrzP3LGuOrvhtEFoK8pj+BLnunNwRNrw==

"@cspell/dict-scala@^5.0.6":
  version "5.0.6"
  resolved "https://registry.yarnpkg.com/@cspell/dict-scala/-/dict-scala-5.0.6.tgz#5e925def2fe6dc27ee2ad1c452941c3d6790fb6d"
  integrity sha512-tl0YWAfjUVb4LyyE4JIMVE8DlLzb1ecHRmIWc4eT6nkyDqQgHKzdHsnusxFEFMVLIQomgSg0Zz6hJ5S1E4W4ww==

"@cspell/dict-software-terms@^4.1.19", "@cspell/dict-software-terms@^4.1.3":
  version "4.2.0"
  resolved "https://registry.yarnpkg.com/@cspell/dict-software-terms/-/dict-software-terms-4.2.0.tgz#c16e9d3326c36195dadea812bc035817054bf0c1"
  integrity sha512-cTLTNdP9RM6nruZ01FThEFKRi7C4TPN8ndc+FpvCqis9J8iSg4Cr4YQemT/DxXoXz0527NbBPCARunxA0qIgTA==

"@cspell/dict-sql@^2.1.8":
  version "2.1.8"
  resolved "https://registry.yarnpkg.com/@cspell/dict-sql/-/dict-sql-2.1.8.tgz#45ea53b3e57fd2cc5f839f49b644aa743dac4990"
  integrity sha512-dJRE4JV1qmXTbbGm6WIcg1knmR6K5RXnQxF4XHs5HA3LAjc/zf77F95i5LC+guOGppVF6Hdl66S2UyxT+SAF3A==

"@cspell/dict-svelte@^1.0.5":
  version "1.0.5"
  resolved "https://registry.yarnpkg.com/@cspell/dict-svelte/-/dict-svelte-1.0.5.tgz#09752e01ff6667e737566d9dfc704c8dcc9a6492"
  integrity sha512-sseHlcXOqWE4Ner9sg8KsjxwSJ2yssoJNqFHR9liWVbDV+m7kBiUtn2EB690TihzVsEmDr/0Yxrbb5Bniz70mA==

"@cspell/dict-swift@^2.0.4":
  version "2.0.4"
  resolved "https://registry.yarnpkg.com/@cspell/dict-swift/-/dict-swift-2.0.4.tgz#bc19522418ed68cf914736b612c4e4febbf07e8d"
  integrity sha512-CsFF0IFAbRtYNg0yZcdaYbADF5F3DsM8C4wHnZefQy8YcHP/qjAF/GdGfBFBLx+XSthYuBlo2b2XQVdz3cJZBw==

"@cspell/dict-terraform@^1.0.6":
  version "1.0.7"
  resolved "https://registry.yarnpkg.com/@cspell/dict-terraform/-/dict-terraform-1.0.7.tgz#815a523c86f647cb7695d48b69e4a793c49f875e"
  integrity sha512-Ip7tOlAt/qUVdWYyDMA7DlKMpQ6sjtrsXk4vcpqXoYpoJlzMoDce7pw+fPhHshtNOFBAZ4nOrszlLu6APuy+HQ==

"@cspell/dict-typescript@^3.1.11":
  version "3.1.11"
  resolved "https://registry.yarnpkg.com/@cspell/dict-typescript/-/dict-typescript-3.1.11.tgz#40586f13b0337bd9cba958e0661b35888580b249"
  integrity sha512-FwvK5sKbwrVpdw0e9+1lVTl8FPoHYvfHRuQRQz2Ql5XkC0gwPPkpoyD1zYImjIyZRoYXk3yp9j8ss4iz7A7zoQ==

"@cspell/dict-uk-ua@^4.0.1":
  version "4.0.4"
  resolved "https://registry.yarnpkg.com/@cspell/dict-uk-ua/-/dict-uk-ua-4.0.4.tgz#19ecb8eaa70a363fd53a2adab0ea462f6e57e055"
  integrity sha512-4n+ImjsKVWkcZC9O/zQY4oZ9KWm0qkyTZY5/aW1KZsP8sx0cK5IUaA/375R3i4l8SDc0WDZN8K6Wy71cggDUEA==

"@cspell/dict-vue@^3.0.3":
  version "3.0.3"
  resolved "https://registry.yarnpkg.com/@cspell/dict-vue/-/dict-vue-3.0.3.tgz#295c288f6fd363879898223202ec3be048663b98"
  integrity sha512-akmYbrgAGumqk1xXALtDJcEcOMYBYMnkjpmGzH13Ozhq1mkPF4VgllFQlm1xYde+BUKNnzMgPEzxrL2qZllgYA==

"@cspell/dict-win32@^2.0.3":
  version "2.0.6"
  resolved "https://registry.yarnpkg.com/@cspell/dict-win32/-/dict-win32-2.0.6.tgz#3edaa576906061584b470aca1b41b6d76548eeca"
  integrity sha512-znBvliYtgXIpMW1/T/VnrvA2CwEqfJd06I57laVQsa/ST7dUeUU2kTbk4A4ICCr3eemVMPl9NQtR+t3SQu+ogQ==

"@cspell/dynamic-import@8.17.1":
  version "8.17.1"
  resolved "https://registry.yarnpkg.com/@cspell/dynamic-import/-/dynamic-import-8.17.1.tgz#2b3f3325b6013a067a1a49cda8b69ae73aaed36a"
  integrity sha512-XQtr2olYOtqbg49E+8SISd6I5DzfxmsKINDn0ZgaTFeLalnNdF3ewDU4gOEbApIzGffRa1mW9t19MsiVrznSDw==
  dependencies:
    "@cspell/url" "8.17.1"
    import-meta-resolve "^4.1.0"

"@cspell/filetypes@8.17.1":
  version "8.17.1"
  resolved "https://registry.yarnpkg.com/@cspell/filetypes/-/filetypes-8.17.1.tgz#d193afc5029364334f005ff23f4c4cb80170c374"
  integrity sha512-AxYw6j7EPYtDFAFjwybjFpMc9waXQzurfBXmEVfQ5RQRlbylujLZWwR6GnMqofeNg4oGDUpEjcAZFrgdkvMQlA==

"@cspell/strong-weak-map@8.17.1":
  version "8.17.1"
  resolved "https://registry.yarnpkg.com/@cspell/strong-weak-map/-/strong-weak-map-8.17.1.tgz#2fa88f283ef10222fad25134b5ebb54edaad985f"
  integrity sha512-8cY3vLAKdt5gQEMM3Gr57BuQ8sun2NjYNh9qTdrctC1S9gNC7XzFghTYAfHSWR4VrOUcMFLO/izMdsc1KFvFOA==

"@cspell/url@8.17.1":
  version "8.17.1"
  resolved "https://registry.yarnpkg.com/@cspell/url/-/url-8.17.1.tgz#e7daec1597fa31b4d0a7a685e7a24a11b0c8a193"
  integrity sha512-LMvReIndW1ckvemElfDgTt282fb2C3C/ZXfsm0pJsTV5ZmtdelCHwzmgSBmY5fDr7D66XDp8EurotSE0K6BTvw==

array-timsort@^1.0.3:
  version "1.0.3"
  resolved "https://registry.yarnpkg.com/array-timsort/-/array-timsort-1.0.3.tgz#3c9e4199e54fb2b9c3fe5976396a21614ef0d926"
  integrity sha512-/+3GRL7dDAGEfM6TseQk/U+mi18TU2Ms9I3UlLdUMhz2hbvGNTKdj9xniwXfUqgYhHxRx0+8UnKkvlNwVU+cWQ==

braces@^3.0.3:
  version "3.0.3"
  resolved "https://registry.yarnpkg.com/braces/-/braces-3.0.3.tgz#490332f40919452272d55a8480adc0c441358789"
  integrity sha512-yQbXgO/OSZVD2IsiLlro+7Hf6Q18EJrKSEsdoMzKePKXct3gvD8oLcOQdIzGupr5Fj+EDe8gO/lxc1BzfMpxvA==
  dependencies:
    fill-range "^7.1.1"

callsites@^3.0.0, callsites@^3.1.0:
  version "3.1.0"
  resolved "https://registry.yarnpkg.com/callsites/-/callsites-3.1.0.tgz#b3630abd8943432f54b3f0519238e33cd7df2f73"
  integrity sha512-P8BjAsXvZS+VIDUI11hHCQEv74YT67YUi5JJFNWIqL235sBmjX4+qx9Muvls5ivyNENctx46xQLQ3aTuE7ssaQ==

chalk-template@^1.1.0:
  version "1.1.0"
  resolved "https://registry.yarnpkg.com/chalk-template/-/chalk-template-1.1.0.tgz#ffc55db6dd745e9394b85327c8ac8466edb7a7b1"
  integrity sha512-T2VJbcDuZQ0Tb2EWwSotMPJjgpy1/tGee1BTpUNsGZ/qgNjV2t7Mvu+d4600U564nbLesN1x2dPL+xii174Ekg==
  dependencies:
    chalk "^5.2.0"

chalk@^5.2.0, chalk@^5.3.0:
  version "5.4.1"
  resolved "https://registry.yarnpkg.com/chalk/-/chalk-5.4.1.tgz#1b48bf0963ec158dce2aacf69c093ae2dd2092d8"
  integrity sha512-zgVZuo2WcZgfUEmsn6eO3kINexW8RAE4maiQ8QNs8CtpPCSyMiYsULR3HQYkm3w8FIA3SberyMJMSldGsW+U3w==

clear-module@^4.1.2:
  version "4.1.2"
  resolved "https://registry.yarnpkg.com/clear-module/-/clear-module-4.1.2.tgz#5a58a5c9f8dccf363545ad7284cad3c887352a80"
  integrity sha512-LWAxzHqdHsAZlPlEyJ2Poz6AIs384mPeqLVCru2p0BrP9G/kVGuhNyZYClLO6cXlnuJjzC8xtsJIuMjKqLXoAw==
  dependencies:
    parent-module "^2.0.0"
    resolve-from "^5.0.0"

commander@^12.1.0:
  version "12.1.0"
  resolved "https://registry.yarnpkg.com/commander/-/commander-12.1.0.tgz#01423b36f501259fdaac4d0e4d60c96c991585d3"
  integrity sha512-Vw8qHK3bZM9y/P10u3Vib8o/DdkvA2OtPtZvD871QKjy74Wj1WSKFILMPRPSdUSx5RFK1arlJzEtA4PkFgnbuA==

comment-json@^4.2.5:
  version "4.2.5"
  resolved "https://registry.yarnpkg.com/comment-json/-/comment-json-4.2.5.tgz#482e085f759c2704b60bc6f97f55b8c01bc41e70"
  integrity sha512-bKw/r35jR3HGt5PEPm1ljsQQGyCrR8sFGNiN5L+ykDHdpO8Smxkrkla9Yi6NkQyUrb8V54PGhfMs6NrIwtxtdw==
  dependencies:
    array-timsort "^1.0.3"
    core-util-is "^1.0.3"
    esprima "^4.0.1"
    has-own-prop "^2.0.0"
    repeat-string "^1.6.1"

core-util-is@^1.0.3:
  version "1.0.3"
  resolved "https://registry.yarnpkg.com/core-util-is/-/core-util-is-1.0.3.tgz#a6042d3634c2b27e9328f837b965fac83808db85"
  integrity sha512-ZQBvi1DcpJ4GDqanjucZ2Hj3wEO5pZDS89BWbkcrvdxksJorwUDDZamX9ldFkp9aw2lmBDLgkObEA4DWNJ9FYQ==

cspell-config-lib@8.17.1:
  version "8.17.1"
  resolved "https://registry.yarnpkg.com/cspell-config-lib/-/cspell-config-lib-8.17.1.tgz#a87973b91d51bf23a2018042c25aeaaa8a4e69c0"
  integrity sha512-x1S7QWprgUcwuwiJB1Ng0ZTBC4G50qP9qQyg/aroMkcdMsHfk26E8jUGRPNt4ftHFzS4YMhwtXuJQ9IgRUuNPA==
  dependencies:
    "@cspell/cspell-types" "8.17.1"
    comment-json "^4.2.5"
    yaml "^2.6.1"

cspell-dictionary@8.17.1:
  version "8.17.1"
  resolved "https://registry.yarnpkg.com/cspell-dictionary/-/cspell-dictionary-8.17.1.tgz#bfc9bfdbd3720d1425260a98091acffab7b03dd5"
  integrity sha512-zSl9l3wii+x16yc2NVZl/+CMLeLBAiuEd5YoFkOYPcbTJnfPwdjMNcj71u7wBvNJ+qwbF+kGbutEt15yHW3NBw==
  dependencies:
    "@cspell/cspell-pipe" "8.17.1"
    "@cspell/cspell-types" "8.17.1"
    cspell-trie-lib "8.17.1"
    fast-equals "^5.0.1"

cspell-gitignore@8.17.1:
  version "8.17.1"
  resolved "https://registry.yarnpkg.com/cspell-gitignore/-/cspell-gitignore-8.17.1.tgz#38f3213a40ba86480bb5f66a91198db6e0ef37c0"
  integrity sha512-bk727Zf4FBCjm9Mwvyreyhgjwe+YhPQEW7PldkHiinKd+Irfez4s8GXLQb1EgV0UpvViqaqBqLmngjZdS30BTA==
  dependencies:
    "@cspell/url" "8.17.1"
    cspell-glob "8.17.1"
    cspell-io "8.17.1"
    find-up-simple "^1.0.0"

cspell-glob@8.17.1:
  version "8.17.1"
  resolved "https://registry.yarnpkg.com/cspell-glob/-/cspell-glob-8.17.1.tgz#23d1be46b32fb4933487e4edff347d34db446f5a"
  integrity sha512-cUwM5auSt0RvLX7UkP2GEArJRWc85l51B1voArl+3ZIKeMZwcJpJgN3qvImtF8yRTZwYeYCs1sgsihb179q+mg==
  dependencies:
    "@cspell/url" "8.17.1"
    micromatch "^4.0.8"

cspell-grammar@8.17.1:
  version "8.17.1"
  resolved "https://registry.yarnpkg.com/cspell-grammar/-/cspell-grammar-8.17.1.tgz#8f6619fbfaebff6aeee63b13d17898b4d0c09136"
  integrity sha512-H5tLcBuW7aUj9L0rR+FSbnWPEsWb8lWppHVidtqw9Ll1CUHWOZC9HTB2RdrhJZrsz/8DJbM2yNbok0Xt0VAfdw==
  dependencies:
    "@cspell/cspell-pipe" "8.17.1"
    "@cspell/cspell-types" "8.17.1"

cspell-io@8.17.1:
  version "8.17.1"
  resolved "https://registry.yarnpkg.com/cspell-io/-/cspell-io-8.17.1.tgz#b91f1cac1c64a6fa2b61a388d0dc67437fcf3ada"
  integrity sha512-liIOsblt7oVItifzRAbuxiYrwlgw1VOqKppMxVKtYoAn2VUuuEpjCj6jLWpoTqSszR/38o7ChsHY1LHakhJZmw==
  dependencies:
    "@cspell/cspell-service-bus" "8.17.1"
    "@cspell/url" "8.17.1"

cspell-lib@8.17.1:
  version "8.17.1"
  resolved "https://registry.yarnpkg.com/cspell-lib/-/cspell-lib-8.17.1.tgz#21c76f1ea4e91c90245e55acddbf452d055a6607"
  integrity sha512-66n83Q7bK5tnvkDH7869/pBY/65AKmZVfCOAlsbhJn3YMDbNHFCHR0d1oNMlqG+n65Aco89VGwYfXxImZY+/mA==
  dependencies:
    "@cspell/cspell-bundled-dicts" "8.17.1"
    "@cspell/cspell-pipe" "8.17.1"
    "@cspell/cspell-resolver" "8.17.1"
    "@cspell/cspell-types" "8.17.1"
    "@cspell/dynamic-import" "8.17.1"
    "@cspell/filetypes" "8.17.1"
    "@cspell/strong-weak-map" "8.17.1"
    "@cspell/url" "8.17.1"
    clear-module "^4.1.2"
    comment-json "^4.2.5"
    cspell-config-lib "8.17.1"
    cspell-dictionary "8.17.1"
    cspell-glob "8.17.1"
    cspell-grammar "8.17.1"
    cspell-io "8.17.1"
    cspell-trie-lib "8.17.1"
    env-paths "^3.0.0"
    fast-equals "^5.0.1"
    gensequence "^7.0.0"
    import-fresh "^3.3.0"
    resolve-from "^5.0.0"
    vscode-languageserver-textdocument "^1.0.12"
    vscode-uri "^3.0.8"
    xdg-basedir "^5.1.0"

cspell-trie-lib@8.17.1:
  version "8.17.1"
  resolved "https://registry.yarnpkg.com/cspell-trie-lib/-/cspell-trie-lib-8.17.1.tgz#618e5cc671b0a24cf7ec27a9a9b834b197e17392"
  integrity sha512-13WNa5s75VwOjlGzWprmfNbBFIfXyA7tYYrbV+LugKkznyNZJeJPojHouEudcLq3SYb2Q6tJ7qyWcuT5bR9qPA==
  dependencies:
    "@cspell/cspell-pipe" "8.17.1"
    "@cspell/cspell-types" "8.17.1"
    gensequence "^7.0.0"

cspell@^8.17.1:
  version "8.17.1"
  resolved "https://registry.yarnpkg.com/cspell/-/cspell-8.17.1.tgz#be3c79a5b0b2e374ac0df8f921eb30ddca170110"
  integrity sha512-D0lw8XTXrTycNzOn5DkfPJNUT00X53OgvFDm+0SzhBr1r+na8LEh3CnQ6zKYVU0fL0x8vU82vs4jmGjDho9mPg==
  dependencies:
    "@cspell/cspell-json-reporter" "8.17.1"
    "@cspell/cspell-pipe" "8.17.1"
    "@cspell/cspell-types" "8.17.1"
    "@cspell/dynamic-import" "8.17.1"
    "@cspell/url" "8.17.1"
    chalk "^5.3.0"
    chalk-template "^1.1.0"
    commander "^12.1.0"
    cspell-dictionary "8.17.1"
    cspell-gitignore "8.17.1"
    cspell-glob "8.17.1"
    cspell-io "8.17.1"
    cspell-lib "8.17.1"
    fast-json-stable-stringify "^2.1.0"
    file-entry-cache "^9.1.0"
    get-stdin "^9.0.0"
    semver "^7.6.3"
    tinyglobby "^0.2.10"

env-paths@^3.0.0:
  version "3.0.0"
  resolved "https://registry.yarnpkg.com/env-paths/-/env-paths-3.0.0.tgz#2f1e89c2f6dbd3408e1b1711dd82d62e317f58da"
  integrity sha512-dtJUTepzMW3Lm/NPxRf3wP4642UWhjL2sQxc+ym2YMj1m/H2zDNQOlezafzkHwn6sMstjHTwG6iQQsctDW/b1A==

esprima@^4.0.1:
  version "4.0.1"
  resolved "https://registry.yarnpkg.com/esprima/-/esprima-4.0.1.tgz#13b04cdb3e6c5d19df91ab6987a8695619b0aa71"
  integrity sha512-eGuFFw7Upda+g4p+QHvnW0RyTX/SVeJBDM/gCtMARO0cLuT2HcEKnTPvhjV6aGeqrCB/sbNop0Kszm0jsaWU4A==

fast-equals@^5.0.1:
  version "5.0.1"
  resolved "https://registry.yarnpkg.com/fast-equals/-/fast-equals-5.0.1.tgz#a4eefe3c5d1c0d021aeed0bc10ba5e0c12ee405d"
  integrity sha512-WF1Wi8PwwSY7/6Kx0vKXtw8RwuSGoM1bvDaJbu7MxDlR1vovZjIAKrnzyrThgAjm6JDTu0fVgWXDlMGspodfoQ==

fast-json-stable-stringify@^2.1.0:
  version "2.1.0"
  resolved "https://registry.yarnpkg.com/fast-json-stable-stringify/-/fast-json-stable-stringify-2.1.0.tgz#874bf69c6f404c2b5d99c481341399fd55892633"
  integrity sha512-lhd/wF+Lk98HZoTCtlVraHtfh5XYijIjalXck7saUtuanSDyLMxnHhSXEDJqHxD7msR8D0uCmqlkwjCV8xvwHw==

fdir@^6.4.2:
  version "6.4.2"
  resolved "https://registry.yarnpkg.com/fdir/-/fdir-6.4.2.tgz#ddaa7ce1831b161bc3657bb99cb36e1622702689"
  integrity sha512-KnhMXsKSPZlAhp7+IjUkRZKPb4fUyccpDrdFXbi4QL1qkmFh9kVY09Yox+n4MaOb3lHZ1Tv829C3oaaXoMYPDQ==

file-entry-cache@^9.1.0:
  version "9.1.0"
  resolved "https://registry.yarnpkg.com/file-entry-cache/-/file-entry-cache-9.1.0.tgz#2e66ad98ce93f49aed1b178c57b0b5741591e075"
  integrity sha512-/pqPFG+FdxWQj+/WSuzXSDaNzxgTLr/OrR1QuqfEZzDakpdYE70PwUxL7BPUa8hpjbvY1+qvCl8k+8Tq34xJgg==
  dependencies:
    flat-cache "^5.0.0"

fill-range@^7.1.1:
  version "7.1.1"
  resolved "https://registry.yarnpkg.com/fill-range/-/fill-range-7.1.1.tgz#44265d3cac07e3ea7dc247516380643754a05292"
  integrity sha512-YsGpe3WHLK8ZYi4tWDg2Jy3ebRz2rXowDxnld4bkQB00cc/1Zw9AWnC0i9ztDJitivtQvaI9KaLyKrc+hBW0yg==
  dependencies:
    to-regex-range "^5.0.1"

find-up-simple@^1.0.0:
  version "1.0.0"
  resolved "https://registry.yarnpkg.com/find-up-simple/-/find-up-simple-1.0.0.tgz#21d035fde9fdbd56c8f4d2f63f32fd93a1cfc368"
  integrity sha512-q7Us7kcjj2VMePAa02hDAF6d+MzsdsAWEwYyOpwUtlerRBkOEPBCRZrAV4XfcSN8fHAgaD0hP7miwoay6DCprw==

flat-cache@^5.0.0:
  version "5.0.0"
  resolved "https://registry.yarnpkg.com/flat-cache/-/flat-cache-5.0.0.tgz#26c4da7b0f288b408bb2b506b2cb66c240ddf062"
  integrity sha512-JrqFmyUl2PnPi1OvLyTVHnQvwQ0S+e6lGSwu8OkAZlSaNIZciTY2H/cOOROxsBA1m/LZNHDsqAgDZt6akWcjsQ==
  dependencies:
    flatted "^3.3.1"
    keyv "^4.5.4"

flatted@^3.3.1:
  version "3.3.2"
  resolved "https://registry.yarnpkg.com/flatted/-/flatted-3.3.2.tgz#adba1448a9841bec72b42c532ea23dbbedef1a27"
  integrity sha512-AiwGJM8YcNOaobumgtng+6NHuOqC3A7MixFeDafM3X9cIUM+xUXoS5Vfgf+OihAYe20fxqNM9yPBXJzRtZ/4eA==

gensequence@^7.0.0:
  version "7.0.0"
  resolved "https://registry.yarnpkg.com/gensequence/-/gensequence-7.0.0.tgz#bb6aedec8ff665e3a6c42f92823121e3a6ea7718"
  integrity sha512-47Frx13aZh01afHJTB3zTtKIlFI6vWY+MYCN9Qpew6i52rfKjnhCF/l1YlC8UmEMvvntZZ6z4PiCcmyuedR2aQ==

get-stdin@^9.0.0:
  version "9.0.0"
  resolved "https://registry.yarnpkg.com/get-stdin/-/get-stdin-9.0.0.tgz#3983ff82e03d56f1b2ea0d3e60325f39d703a575"
  integrity sha512-dVKBjfWisLAicarI2Sf+JuBE/DghV4UzNAVe9yhEJuzeREd3JhOTE9cUaJTeSa77fsbQUK3pcOpJfM59+VKZaA==

global-directory@^4.0.1:
  version "4.0.1"
  resolved "https://registry.yarnpkg.com/global-directory/-/global-directory-4.0.1.tgz#4d7ac7cfd2cb73f304c53b8810891748df5e361e"
  integrity sha512-wHTUcDUoZ1H5/0iVqEudYW4/kAlN5cZ3j/bXn0Dpbizl9iaUVeWSHqiOjsgk6OW2bkLclbBjzewBz6weQ1zA2Q==
  dependencies:
    ini "4.1.1"

has-own-prop@^2.0.0:
  version "2.0.0"
  resolved "https://registry.yarnpkg.com/has-own-prop/-/has-own-prop-2.0.0.tgz#f0f95d58f65804f5d218db32563bb85b8e0417af"
  integrity sha512-Pq0h+hvsVm6dDEa8x82GnLSYHOzNDt7f0ddFa3FqcQlgzEiptPqL+XrOJNavjOzSYiYWIrgeVYYgGlLmnxwilQ==

import-fresh@^3.3.0:
  version "3.3.0"
  resolved "https://registry.yarnpkg.com/import-fresh/-/import-fresh-3.3.0.tgz#37162c25fcb9ebaa2e6e53d5b4d88ce17d9e0c2b"
  integrity sha512-veYYhQa+D1QBKznvhUHxb8faxlrwUnxseDAbAp457E0wLNio2bOSKnjYDhMj+YiAq61xrMGhQk9iXVk5FzgQMw==
  dependencies:
    parent-module "^1.0.0"
    resolve-from "^4.0.0"

import-meta-resolve@^4.1.0:
  version "4.1.0"
  resolved "https://registry.yarnpkg.com/import-meta-resolve/-/import-meta-resolve-4.1.0.tgz#f9db8bead9fafa61adb811db77a2bf22c5399706"
  integrity sha512-I6fiaX09Xivtk+THaMfAwnA3MVA5Big1WHF1Dfx9hFuvNIWpXnorlkzhcQf6ehrqQiiZECRt1poOAkPmer3ruw==

ini@4.1.1:
  version "4.1.1"
  resolved "https://registry.yarnpkg.com/ini/-/ini-4.1.1.tgz#d95b3d843b1e906e56d6747d5447904ff50ce7a1"
  integrity sha512-QQnnxNyfvmHFIsj7gkPcYymR8Jdw/o7mp5ZFihxn6h8Ci6fh3Dx4E1gPjpQEpIuPo9XVNY/ZUwh4BPMjGyL01g==

is-number@^7.0.0:
  version "7.0.0"
  resolved "https://registry.yarnpkg.com/is-number/-/is-number-7.0.0.tgz#7535345b896734d5f80c4d06c50955527a14f12b"
  integrity sha512-41Cifkg6e8TylSpdtTpeLVMqvSBEVzTttHvERD741+pnZ8ANv0004MRL43QKPDlK9cGvNp6NZWZUBlbGXYxxng==

json-buffer@3.0.1:
  version "3.0.1"
  resolved "https://registry.yarnpkg.com/json-buffer/-/json-buffer-3.0.1.tgz#9338802a30d3b6605fbe0613e094008ca8c05a13"
  integrity sha512-4bV5BfR2mqfQTJm+V5tPPdf+ZpuhiIvTuAB5g8kcrXOZpTT/QwwVRWBywX1ozr6lEuPdbHxwaJlm9G6mI2sfSQ==

keyv@^4.5.4:
  version "4.5.4"
  resolved "https://registry.yarnpkg.com/keyv/-/keyv-4.5.4.tgz#a879a99e29452f942439f2a405e3af8b31d4de93"
  integrity sha512-oxVHkHR/EJf2CNXnWxRLW6mg7JyCCUcG0DtEGmL2ctUo1PNTin1PUil+r/+4r5MpVgC/fn1kjsx7mjSujKqIpw==
  dependencies:
    json-buffer "3.0.1"

micromatch@^4.0.8:
  version "4.0.8"
  resolved "https://registry.yarnpkg.com/micromatch/-/micromatch-4.0.8.tgz#d66fa18f3a47076789320b9b1af32bd86d9fa202"
  integrity sha512-PXwfBhYu0hBCPw8Dn0E+WDYb7af3dSLVWKi3HGv84IdF4TyFoC0ysxFd0Goxw7nSv4T/PzEJQxsYsEiFCKo2BA==
  dependencies:
    braces "^3.0.3"
    picomatch "^2.3.1"

parent-module@^1.0.0:
  version "1.0.1"
  resolved "https://registry.yarnpkg.com/parent-module/-/parent-module-1.0.1.tgz#691d2709e78c79fae3a156622452d00762caaaa2"
  integrity sha512-GQ2EWRpQV8/o+Aw8YqtfZZPfNRWZYkbidE9k5rpl/hC3vtHHBfGm2Ifi6qWV+coDGkrUKZAxE3Lot5kcsRlh+g==
  dependencies:
    callsites "^3.0.0"

parent-module@^2.0.0:
  version "2.0.0"
  resolved "https://registry.yarnpkg.com/parent-module/-/parent-module-2.0.0.tgz#fa71f88ff1a50c27e15d8ff74e0e3a9523bf8708"
  integrity sha512-uo0Z9JJeWzv8BG+tRcapBKNJ0dro9cLyczGzulS6EfeyAdeC9sbojtW6XwvYxJkEne9En+J2XEl4zyglVeIwFg==
  dependencies:
    callsites "^3.1.0"

picomatch@^2.3.1:
  version "2.3.1"
  resolved "https://registry.yarnpkg.com/picomatch/-/picomatch-2.3.1.tgz#3ba3833733646d9d3e4995946c1365a67fb07a42"
  integrity sha512-JU3teHTNjmE2VCGFzuY8EXzCDVwEqB2a8fsIvwaStHhAWJEeVd1o1QD80CU6+ZdEXXSLbSsuLwJjkCBWqRQUVA==

picomatch@^4.0.2:
  version "4.0.2"
  resolved "https://registry.yarnpkg.com/picomatch/-/picomatch-4.0.2.tgz#77c742931e8f3b8820946c76cd0c1f13730d1dab"
  integrity sha512-M7BAV6Rlcy5u+m6oPhAPFgJTzAioX/6B0DxyvDlo9l8+T3nLKbrczg2WLUyzd45L8RqfUMyGPzekbMvX2Ldkwg==

repeat-string@^1.6.1:
  version "1.6.1"
  resolved "https://registry.yarnpkg.com/repeat-string/-/repeat-string-1.6.1.tgz#8dcae470e1c88abc2d600fff4a776286da75e637"
  integrity sha512-PV0dzCYDNfRi1jCDbJzpW7jNNDRuCOG/jI5ctQcGKt/clZD+YcPS3yIlWuTJMmESC8aevCFmWJy5wjAFgNqN6w==

resolve-from@^4.0.0:
  version "4.0.0"
  resolved "https://registry.yarnpkg.com/resolve-from/-/resolve-from-4.0.0.tgz#4abcd852ad32dd7baabfe9b40e00a36db5f392e6"
  integrity sha512-pb/MYmXstAkysRFx8piNI1tGFNQIFA3vkE3Gq4EuA1dF6gHp/+vgZqsCGJapvy8N3Q+4o7FwvquPJcnZ7RYy4g==

resolve-from@^5.0.0:
  version "5.0.0"
  resolved "https://registry.yarnpkg.com/resolve-from/-/resolve-from-5.0.0.tgz#c35225843df8f776df21c57557bc087e9dfdfc69"
  integrity sha512-qYg9KP24dD5qka9J47d0aVky0N+b4fTU89LN9iDnjB5waksiC49rvMB0PrUJQGoTmH50XPiqOvAjDfaijGxYZw==

semver@^7.6.3:
  version "7.6.3"
  resolved "https://registry.yarnpkg.com/semver/-/semver-7.6.3.tgz#980f7b5550bc175fb4dc09403085627f9eb33143"
  integrity sha512-oVekP1cKtI+CTDvHWYFUcMtsK/00wmAEfyqKfNdARm8u1wNVhSgaX7A8d4UuIlUI5e84iEwOhs7ZPYRmzU9U6A==

tinyglobby@^0.2.10:
  version "0.2.10"
  resolved "https://registry.yarnpkg.com/tinyglobby/-/tinyglobby-0.2.10.tgz#e712cf2dc9b95a1f5c5bbd159720e15833977a0f"
  integrity sha512-Zc+8eJlFMvgatPZTl6A9L/yht8QqdmUNtURHaKZLmKBE12hNPSrqNkUp2cs3M/UKmNVVAMFQYSjYIVHDjW5zew==
  dependencies:
    fdir "^6.4.2"
    picomatch "^4.0.2"

to-regex-range@^5.0.1:
  version "5.0.1"
  resolved "https://registry.yarnpkg.com/to-regex-range/-/to-regex-range-5.0.1.tgz#1648c44aae7c8d988a326018ed72f5b4dd0392e4"
  integrity sha512-65P7iz6X5yEr1cwcgvQxbbIw7Uk3gOy5dIdtZ4rDveLqhrdJP+Li/Hx6tyK0NEb+2GCyneCMJiGqrADCSNk8sQ==
  dependencies:
    is-number "^7.0.0"

vscode-languageserver-textdocument@^1.0.12:
  version "1.0.12"
  resolved "https://registry.yarnpkg.com/vscode-languageserver-textdocument/-/vscode-languageserver-textdocument-1.0.12.tgz#457ee04271ab38998a093c68c2342f53f6e4a631"
  integrity sha512-cxWNPesCnQCcMPeenjKKsOCKQZ/L6Tv19DTRIGuLWe32lyzWhihGVJ/rcckZXJxfdKCFvRLS3fpBIsV/ZGX4zA==

vscode-uri@^3.0.8:
  version "3.0.8"
  resolved "https://registry.yarnpkg.com/vscode-uri/-/vscode-uri-3.0.8.tgz#1770938d3e72588659a172d0fd4642780083ff9f"
  integrity sha512-AyFQ0EVmsOZOlAnxoFOGOq1SQDWAB7C6aqMGS23svWAllfOaxbuFvcT8D1i8z3Gyn8fraVeZNNmN6e9bxxXkKw==

xdg-basedir@^5.1.0:
  version "5.1.0"
  resolved "https://registry.yarnpkg.com/xdg-basedir/-/xdg-basedir-5.1.0.tgz#1efba19425e73be1bc6f2a6ceb52a3d2c884c0c9"
  integrity sha512-GCPAHLvrIH13+c0SuacwvRYj2SxJXQ4kaVTT5xgL3kPrz56XxkF21IGhjSE1+W0aw7gpBWRGXLCPnPby6lSpmQ==

yaml@^2.6.1:
  version "2.6.1"
  resolved "https://registry.yarnpkg.com/yaml/-/yaml-2.6.1.tgz#42f2b1ba89203f374609572d5349fb8686500773"
  integrity sha512-7r0XPzioN/Q9kXBro/XPnA6kznR73DHq+GXh5ON7ZozRO6aMjbmiBuKste2wslTFkC5d1dw0GooOCepZXJ2SAg==
